// !$*UTF8*$!
{
	archiveVersion = 1;
	classes = {
	};
	objectVersion = 52;
	objects = {

/* Begin PBXBuildFile section */
		3768B4637C9A1027086F5E1E /* Pods_BookSeeker.framework in Frameworks */ = {isa = PBXBuildFile; fileRef = E38903BB9252A43E8BDC9E12 /* Pods_BookSeeker.framework */; };
		4302D5ACD3024E3B1993A533 /* Pods_BookSeekerTests.framework in Frameworks */ = {isa = PBXBuildFile; fileRef = 0CE532B43EBC3675649B52F8 /* Pods_BookSeekerTests.framework */; };
		E5C2C6DD9482FBBFED3F300B /* Pods_BookSeekerPresenter.framework in Frameworks */ = {isa = PBXBuildFile; fileRef = 4CF5FC76F99E2A6429B2F3E1 /* Pods_BookSeekerPresenter.framework */; };
		EC35EDF32482D084006FFACF /* DomainError.swift in Sources */ = {isa = PBXBuildFile; fileRef = EC35EDF22482D084006FFACF /* DomainError.swift */; };
		EC35EE0A2482DA00006FFACF /* BookSeekerDomain.framework in Frameworks */ = {isa = PBXBuildFile; fileRef = EC90199224675CAE00BD662B /* BookSeekerDomain.framework */; };
		EC35EE0B2482DA00006FFACF /* BookSeekerDomain.framework in Embed Frameworks */ = {isa = PBXBuildFile; fileRef = EC90199224675CAE00BD662B /* BookSeekerDomain.framework */; settings = {ATTRIBUTES = (CodeSignOnCopy, RemoveHeadersOnCopy, ); }; };
		EC35EE112482EBF9006FFACF /* Model.swift in Sources */ = {isa = PBXBuildFile; fileRef = EC80FC3A244A73BE00CA0570 /* Model.swift */; };
		EC35EE202482EC95006FFACF /* BookSeekerApplication.framework in Frameworks */ = {isa = PBXBuildFile; fileRef = EC35EE172482EC95006FFACF /* BookSeekerApplication.framework */; };
		EC35EE252482EC95006FFACF /* BookSeekerApplicationTests.swift in Sources */ = {isa = PBXBuildFile; fileRef = EC35EE242482EC95006FFACF /* BookSeekerApplicationTests.swift */; };
		EC35EE272482EC95006FFACF /* BookSeekerApplication.h in Headers */ = {isa = PBXBuildFile; fileRef = EC35EE192482EC95006FFACF /* BookSeekerApplication.h */; settings = {ATTRIBUTES = (Public, ); }; };
		EC35EE312482ECF1006FFACF /* BookSeekerDomain.framework in Frameworks */ = {isa = PBXBuildFile; fileRef = EC90199224675CAE00BD662B /* BookSeekerDomain.framework */; };
		EC35EE322482ECF1006FFACF /* BookSeekerDomain.framework in Embed Frameworks */ = {isa = PBXBuildFile; fileRef = EC90199224675CAE00BD662B /* BookSeekerDomain.framework */; settings = {ATTRIBUTES = (CodeSignOnCopy, RemoveHeadersOnCopy, ); }; };
		EC35EE352482ECF1006FFACF /* BookSeekerInfrastructure.framework in Frameworks */ = {isa = PBXBuildFile; fileRef = EC901A112467647300BD662B /* BookSeekerInfrastructure.framework */; settings = {ATTRIBUTES = (Required, ); }; };
		EC35EE362482ECF1006FFACF /* BookSeekerInfrastructure.framework in Embed Frameworks */ = {isa = PBXBuildFile; fileRef = EC901A112467647300BD662B /* BookSeekerInfrastructure.framework */; settings = {ATTRIBUTES = (CodeSignOnCopy, RemoveHeadersOnCopy, ); }; };
		EC35EE3A2482EDB7006FFACF /* BookSeekerApplication.framework in Frameworks */ = {isa = PBXBuildFile; fileRef = EC35EE172482EC95006FFACF /* BookSeekerApplication.framework */; };
		EC35EE3B2482EDB7006FFACF /* BookSeekerApplication.framework in Embed Frameworks */ = {isa = PBXBuildFile; fileRef = EC35EE172482EC95006FFACF /* BookSeekerApplication.framework */; settings = {ATTRIBUTES = (CodeSignOnCopy, RemoveHeadersOnCopy, ); }; };
		EC35EE3E2482EDC0006FFACF /* BookSeekerInfrastructure.framework in Frameworks */ = {isa = PBXBuildFile; fileRef = EC901A112467647300BD662B /* BookSeekerInfrastructure.framework */; };
		EC35EE3F2482EDC0006FFACF /* BookSeekerInfrastructure.framework in Embed Frameworks */ = {isa = PBXBuildFile; fileRef = EC901A112467647300BD662B /* BookSeekerInfrastructure.framework */; settings = {ATTRIBUTES = (CodeSignOnCopy, RemoveHeadersOnCopy, ); }; };
		EC35EE432482EE70006FFACF /* AlamofireHttpGetService.swift in Sources */ = {isa = PBXBuildFile; fileRef = EC80FC34244A406100CA0570 /* AlamofireHttpGetService.swift */; };
		EC35EE4B2482F200006FFACF /* Alamofire.framework in Frameworks */ = {isa = PBXBuildFile; fileRef = EC35EE4A2482F200006FFACF /* Alamofire.framework */; };
		EC35EE582482F77A006FFACF /* BookCompletion.swift in Sources */ = {isa = PBXBuildFile; fileRef = EC35EE572482F77A006FFACF /* BookCompletion.swift */; };
		EC35EE60248322DB006FFACF /* BookSearchService.swift in Sources */ = {isa = PBXBuildFile; fileRef = EC35EE5E248322DA006FFACF /* BookSearchService.swift */; };
		EC3E38B1244D0C4C009E533C /* BookSearchServiceIntegrationTests.swift in Sources */ = {isa = PBXBuildFile; fileRef = EC3E38B0244D0C4C009E533C /* BookSearchServiceIntegrationTests.swift */; };
		EC488EDF2483245200EFF355 /* HttpGetService.swift in Sources */ = {isa = PBXBuildFile; fileRef = EC80FC32244A402400CA0570 /* HttpGetService.swift */; };
		EC488EE3248324EB00EFF355 /* Book.swift in Sources */ = {isa = PBXBuildFile; fileRef = EC488EE1248324EB00EFF355 /* Book.swift */; };
		EC488EE4248324EB00EFF355 /* BookResponse.swift in Sources */ = {isa = PBXBuildFile; fileRef = EC488EE2248324EB00EFF355 /* BookResponse.swift */; };
		EC488EE62483271000EFF355 /* RequestCompletion.swift in Sources */ = {isa = PBXBuildFile; fileRef = EC488EE52483271000EFF355 /* RequestCompletion.swift */; };
		EC4CF8F3245A47A300948743 /* AppCoordinator.swift in Sources */ = {isa = PBXBuildFile; fileRef = EC4CF8F2245A47A300948743 /* AppCoordinator.swift */; };
		EC53B047246CBFA100C9C6D1 /* BookSeekerPresenter.framework in Frameworks */ = {isa = PBXBuildFile; fileRef = EC53B03E246CBFA100C9C6D1 /* BookSeekerPresenter.framework */; };
		EC53B04E246CBFA100C9C6D1 /* BookSeekerPresenterTests.swift in Sources */ = {isa = PBXBuildFile; fileRef = EC53B04D246CBFA100C9C6D1 /* BookSeekerPresenterTests.swift */; };
		EC53B050246CBFA100C9C6D1 /* BookSeekerPresenter.h in Headers */ = {isa = PBXBuildFile; fileRef = EC53B040246CBFA100C9C6D1 /* BookSeekerPresenter.h */; settings = {ATTRIBUTES = (Public, ); }; };
		EC53DD2E245CD73C00626E0C /* UseCaseAssembly.swift in Sources */ = {isa = PBXBuildFile; fileRef = EC53DD2D245CD73C00626E0C /* UseCaseAssembly.swift */; };
		EC53DD30245CD7C700626E0C /* NetworkAssembly.swift in Sources */ = {isa = PBXBuildFile; fileRef = EC53DD2F245CD7C700626E0C /* NetworkAssembly.swift */; };
		EC53DD32245CD86100626E0C /* ServiceAssembly.swift in Sources */ = {isa = PBXBuildFile; fileRef = EC53DD31245CD86100626E0C /* ServiceAssembly.swift */; };
		EC53DD38245CE5A500626E0C /* BookSeekerAssembler.swift in Sources */ = {isa = PBXBuildFile; fileRef = EC53DD37245CE5A500626E0C /* BookSeekerAssembler.swift */; };
		EC5B4375244911E600EC0E7B /* AppDelegate.swift in Sources */ = {isa = PBXBuildFile; fileRef = EC5B4374244911E600EC0E7B /* AppDelegate.swift */; };
		EC5B4377244911E600EC0E7B /* SceneDelegate.swift in Sources */ = {isa = PBXBuildFile; fileRef = EC5B4376244911E600EC0E7B /* SceneDelegate.swift */; };
		EC5B4381244911EA00EC0E7B /* LaunchScreen.storyboard in Resources */ = {isa = PBXBuildFile; fileRef = EC5B437F244911EA00EC0E7B /* LaunchScreen.storyboard */; };
		EC835104249041F60052D5F6 /* UIViewAlertExtension.swift in Sources */ = {isa = PBXBuildFile; fileRef = EC3E38A0244D00AA009E533C /* UIViewAlertExtension.swift */; };
		EC835105249041F60052D5F6 /* UIViewSafeArea.swift in Sources */ = {isa = PBXBuildFile; fileRef = ECFA07A22454AC5D000FBFF4 /* UIViewSafeArea.swift */; };
		EC835106249041F60052D5F6 /* UICustomView.swift in Sources */ = {isa = PBXBuildFile; fileRef = EC4CF8EE245A2F2E00948743 /* UICustomView.swift */; };
		EC835107249042070052D5F6 /* CallbackTypes.swift in Sources */ = {isa = PBXBuildFile; fileRef = EC3E389C244C691E009E533C /* CallbackTypes.swift */; };
		EC835108249042260052D5F6 /* BookSearchResultViewModel.swift in Sources */ = {isa = PBXBuildFile; fileRef = EC80FC42244B638000CA0570 /* BookSearchResultViewModel.swift */; };
		EC835109249042260052D5F6 /* BookSearchResultViewController.swift in Sources */ = {isa = PBXBuildFile; fileRef = EC80FC47244B6CF400CA0570 /* BookSearchResultViewController.swift */; };
		EC83510A249042260052D5F6 /* BookCell.swift in Sources */ = {isa = PBXBuildFile; fileRef = EC80FC49244BB97200CA0570 /* BookCell.swift */; };
		EC83510B2490423B0052D5F6 /* BookSearchDetailViewController.swift in Sources */ = {isa = PBXBuildFile; fileRef = EC3E3895244C5CA6009E533C /* BookSearchDetailViewController.swift */; };
		EC83510C2490423B0052D5F6 /* BookSearchDetailViewModel.swift in Sources */ = {isa = PBXBuildFile; fileRef = EC53DD33245CE06400626E0C /* BookSearchDetailViewModel.swift */; };
		EC83510D2490424E0052D5F6 /* BookSearchViewController.swift in Sources */ = {isa = PBXBuildFile; fileRef = EC80FC30244939EF00CA0570 /* BookSearchViewController.swift */; };
		EC83510E2490424E0052D5F6 /* BookSearchViewModel.swift in Sources */ = {isa = PBXBuildFile; fileRef = EC80FC2C2449346A00CA0570 /* BookSearchViewModel.swift */; };
		EC83510F2490424E0052D5F6 /* BookSearchView.swift in Sources */ = {isa = PBXBuildFile; fileRef = EC9B3E8524544EEA008ED9BA /* BookSearchView.swift */; };
		EC8351102490424E0052D5F6 /* BookSearchViewControllerDelegate.swift in Sources */ = {isa = PBXBuildFile; fileRef = EC80FC45244B64C700CA0570 /* BookSearchViewControllerDelegate.swift */; };
		EC8351112490424E0052D5F6 /* BookSearchTextViewDelegate.swift in Sources */ = {isa = PBXBuildFile; fileRef = EC4CF8F0245A407B00948743 /* BookSearchTextViewDelegate.swift */; };
		EC8351122490429C0052D5F6 /* BookSeekerPresenter.framework in Frameworks */ = {isa = PBXBuildFile; fileRef = EC53B03E246CBFA100C9C6D1 /* BookSeekerPresenter.framework */; };
		EC8351132490429C0052D5F6 /* BookSeekerPresenter.framework in Embed Frameworks */ = {isa = PBXBuildFile; fileRef = EC53B03E246CBFA100C9C6D1 /* BookSeekerPresenter.framework */; settings = {ATTRIBUTES = (CodeSignOnCopy, RemoveHeadersOnCopy, ); }; };
		EC8351162490459C0052D5F6 /* StringLocalizeExtension.swift in Sources */ = {isa = PBXBuildFile; fileRef = EC3E38A3244D032A009E533C /* StringLocalizeExtension.swift */; };
		EC835117249045C70052D5F6 /* BookSeekerDomain.framework in Frameworks */ = {isa = PBXBuildFile; fileRef = EC90199224675CAE00BD662B /* BookSeekerDomain.framework */; platformFilter = ios; };
		EC835118249045C70052D5F6 /* BookSeekerDomain.framework in Embed Frameworks */ = {isa = PBXBuildFile; fileRef = EC90199224675CAE00BD662B /* BookSeekerDomain.framework */; platformFilter = ios; settings = {ATTRIBUTES = (CodeSignOnCopy, RemoveHeadersOnCopy, ); }; };
		EC83511D24904AEE0052D5F6 /* BookSearchDetailView.swift in Sources */ = {isa = PBXBuildFile; fileRef = EC83511C24904AEE0052D5F6 /* BookSearchDetailView.swift */; };
		EC90199B24675CAF00BD662B /* BookSeekerDomain.framework in Frameworks */ = {isa = PBXBuildFile; fileRef = EC90199224675CAE00BD662B /* BookSeekerDomain.framework */; };
		EC9019A024675CAF00BD662B /* BookSeekerDomainTests.swift in Sources */ = {isa = PBXBuildFile; fileRef = EC90199F24675CAF00BD662B /* BookSeekerDomainTests.swift */; };
		EC901A1A2467647300BD662B /* BookSeekerInfrastructure.framework in Frameworks */ = {isa = PBXBuildFile; fileRef = EC901A112467647300BD662B /* BookSeekerInfrastructure.framework */; };
		EC901A2F2467678F00BD662B /* BookSeekerDomain.framework in Embed Frameworks */ = {isa = PBXBuildFile; fileRef = EC90199224675CAE00BD662B /* BookSeekerDomain.framework */; settings = {ATTRIBUTES = (CodeSignOnCopy, RemoveHeadersOnCopy, ); }; };
		EC901A332467683E00BD662B /* AlamofireNetworkTests.swift in Sources */ = {isa = PBXBuildFile; fileRef = EC80FC3D244B28E400CA0570 /* AlamofireNetworkTests.swift */; };
		ECFA07B12454F29D000FBFF4 /* Localizable.strings in Resources */ = {isa = PBXBuildFile; fileRef = ECFA07B32454F29D000FBFF4 /* Localizable.strings */; };
		FFAFFE74660C909FBFFF4F67 /* Pods_BookSeekerInfrastructure.framework in Frameworks */ = {isa = PBXBuildFile; fileRef = F2B14FE39B985DF4BF9FA23B /* Pods_BookSeekerInfrastructure.framework */; };
/* End PBXBuildFile section */

/* Begin PBXContainerItemProxy section */
		EC35EE0C2482DA00006FFACF /* PBXContainerItemProxy */ = {
			isa = PBXContainerItemProxy;
			containerPortal = EC5B4369244911E600EC0E7B /* Project object */;
			proxyType = 1;
			remoteGlobalIDString = EC90199124675CAE00BD662B;
			remoteInfo = BookSeekerDomain;
		};
		EC35EE212482EC95006FFACF /* PBXContainerItemProxy */ = {
			isa = PBXContainerItemProxy;
			containerPortal = EC5B4369244911E600EC0E7B /* Project object */;
			proxyType = 1;
			remoteGlobalIDString = EC35EE162482EC95006FFACF;
			remoteInfo = BookSeekerApplication;
		};
		EC35EE332482ECF1006FFACF /* PBXContainerItemProxy */ = {
			isa = PBXContainerItemProxy;
			containerPortal = EC5B4369244911E600EC0E7B /* Project object */;
			proxyType = 1;
			remoteGlobalIDString = EC90199124675CAE00BD662B;
			remoteInfo = BookSeekerDomain;
		};
		EC35EE372482ECF1006FFACF /* PBXContainerItemProxy */ = {
			isa = PBXContainerItemProxy;
			containerPortal = EC5B4369244911E600EC0E7B /* Project object */;
			proxyType = 1;
			remoteGlobalIDString = EC901A102467647300BD662B;
			remoteInfo = BookSeekerInfrastructure;
		};
		EC35EE3C2482EDB7006FFACF /* PBXContainerItemProxy */ = {
			isa = PBXContainerItemProxy;
			containerPortal = EC5B4369244911E600EC0E7B /* Project object */;
			proxyType = 1;
			remoteGlobalIDString = EC35EE162482EC95006FFACF;
			remoteInfo = BookSeekerApplication;
		};
		EC35EE402482EDC0006FFACF /* PBXContainerItemProxy */ = {
			isa = PBXContainerItemProxy;
			containerPortal = EC5B4369244911E600EC0E7B /* Project object */;
			proxyType = 1;
			remoteGlobalIDString = EC901A102467647300BD662B;
			remoteInfo = BookSeekerInfrastructure;
		};
		EC53B048246CBFA100C9C6D1 /* PBXContainerItemProxy */ = {
			isa = PBXContainerItemProxy;
			containerPortal = EC5B4369244911E600EC0E7B /* Project object */;
			proxyType = 1;
			remoteGlobalIDString = EC53B03D246CBFA100C9C6D1;
			remoteInfo = BookSeekerPresenter;
		};
		EC53B04A246CBFA100C9C6D1 /* PBXContainerItemProxy */ = {
			isa = PBXContainerItemProxy;
			containerPortal = EC5B4369244911E600EC0E7B /* Project object */;
			proxyType = 1;
			remoteGlobalIDString = EC5B4370244911E600EC0E7B;
			remoteInfo = BookSeeker;
		};
		EC5B4388244911EA00EC0E7B /* PBXContainerItemProxy */ = {
			isa = PBXContainerItemProxy;
			containerPortal = EC5B4369244911E600EC0E7B /* Project object */;
			proxyType = 1;
			remoteGlobalIDString = EC5B4370244911E600EC0E7B;
			remoteInfo = BookSeeker;
		};
		EC8351142490429C0052D5F6 /* PBXContainerItemProxy */ = {
			isa = PBXContainerItemProxy;
			containerPortal = EC5B4369244911E600EC0E7B /* Project object */;
			proxyType = 1;
			remoteGlobalIDString = EC53B03D246CBFA100C9C6D1;
			remoteInfo = BookSeekerPresenter;
		};
		EC835119249045C70052D5F6 /* PBXContainerItemProxy */ = {
			isa = PBXContainerItemProxy;
			containerPortal = EC5B4369244911E600EC0E7B /* Project object */;
			proxyType = 1;
			remoteGlobalIDString = EC90199124675CAE00BD662B;
			remoteInfo = BookSeekerDomain;
		};
		EC90199C24675CAF00BD662B /* PBXContainerItemProxy */ = {
			isa = PBXContainerItemProxy;
			containerPortal = EC5B4369244911E600EC0E7B /* Project object */;
			proxyType = 1;
			remoteGlobalIDString = EC90199124675CAE00BD662B;
			remoteInfo = BookSeekerDomain;
		};
		EC901A1B2467647300BD662B /* PBXContainerItemProxy */ = {
			isa = PBXContainerItemProxy;
			containerPortal = EC5B4369244911E600EC0E7B /* Project object */;
			proxyType = 1;
			remoteGlobalIDString = EC901A102467647300BD662B;
			remoteInfo = BookSeekerInfrastructure;
		};
		EC901A302467678F00BD662B /* PBXContainerItemProxy */ = {
			isa = PBXContainerItemProxy;
			containerPortal = EC5B4369244911E600EC0E7B /* Project object */;
			proxyType = 1;
			remoteGlobalIDString = EC90199124675CAE00BD662B;
			remoteInfo = BookSeekerDomain;
		};
/* End PBXContainerItemProxy section */

/* Begin PBXCopyFilesBuildPhase section */
		EC35EE0E2482DA00006FFACF /* Embed Frameworks */ = {
			isa = PBXCopyFilesBuildPhase;
			buildActionMask = 2147483647;
			dstPath = "";
			dstSubfolderSpec = 10;
			files = (
				EC35EE3F2482EDC0006FFACF /* BookSeekerInfrastructure.framework in Embed Frameworks */,
				EC35EE0B2482DA00006FFACF /* BookSeekerDomain.framework in Embed Frameworks */,
				EC35EE3B2482EDB7006FFACF /* BookSeekerApplication.framework in Embed Frameworks */,
				EC8351132490429C0052D5F6 /* BookSeekerPresenter.framework in Embed Frameworks */,
			);
			name = "Embed Frameworks";
			runOnlyForDeploymentPostprocessing = 0;
		};
		EC35EE392482ECF1006FFACF /* Embed Frameworks */ = {
			isa = PBXCopyFilesBuildPhase;
			buildActionMask = 2147483647;
			dstPath = "";
			dstSubfolderSpec = 10;
			files = (
				EC35EE322482ECF1006FFACF /* BookSeekerDomain.framework in Embed Frameworks */,
				EC35EE362482ECF1006FFACF /* BookSeekerInfrastructure.framework in Embed Frameworks */,
			);
			name = "Embed Frameworks";
			runOnlyForDeploymentPostprocessing = 0;
		};
		EC53DDB62462347200626E0C /* Embed PlugIns */ = {
			isa = PBXCopyFilesBuildPhase;
			buildActionMask = 2147483647;
			dstPath = "";
			dstSubfolderSpec = 13;
			files = (
			);
			name = "Embed PlugIns";
			runOnlyForDeploymentPostprocessing = 0;
		};
		EC83511B249045C70052D5F6 /* Embed Frameworks */ = {
			isa = PBXCopyFilesBuildPhase;
			buildActionMask = 2147483647;
			dstPath = "";
			dstSubfolderSpec = 10;
			files = (
				EC835118249045C70052D5F6 /* BookSeekerDomain.framework in Embed Frameworks */,
			);
			name = "Embed Frameworks";
			runOnlyForDeploymentPostprocessing = 0;
		};
		EC901A322467678F00BD662B /* Embed Frameworks */ = {
			isa = PBXCopyFilesBuildPhase;
			buildActionMask = 2147483647;
			dstPath = "";
			dstSubfolderSpec = 10;
			files = (
				EC901A2F2467678F00BD662B /* BookSeekerDomain.framework in Embed Frameworks */,
			);
			name = "Embed Frameworks";
			runOnlyForDeploymentPostprocessing = 0;
		};
/* End PBXCopyFilesBuildPhase section */

/* Begin PBXFileReference section */
		0CE532B43EBC3675649B52F8 /* Pods_BookSeekerTests.framework */ = {isa = PBXFileReference; explicitFileType = wrapper.framework; includeInIndex = 0; path = Pods_BookSeekerTests.framework; sourceTree = BUILT_PRODUCTS_DIR; };
		385DE687ED3EFA7BAAEFBF85 /* Pods-BookSeekerPresenter.release.xcconfig */ = {isa = PBXFileReference; includeInIndex = 1; lastKnownFileType = text.xcconfig; name = "Pods-BookSeekerPresenter.release.xcconfig"; path = "Target Support Files/Pods-BookSeekerPresenter/Pods-BookSeekerPresenter.release.xcconfig"; sourceTree = "<group>"; };
		3C1D1A213E426863857E1374 /* Pods-BookSeekerInfrastructure.debug.xcconfig */ = {isa = PBXFileReference; includeInIndex = 1; lastKnownFileType = text.xcconfig; name = "Pods-BookSeekerInfrastructure.debug.xcconfig"; path = "Target Support Files/Pods-BookSeekerInfrastructure/Pods-BookSeekerInfrastructure.debug.xcconfig"; sourceTree = "<group>"; };
		3E6AC713820FF92D48E170E7 /* Pods-BookSeeker.debug.xcconfig */ = {isa = PBXFileReference; includeInIndex = 1; lastKnownFileType = text.xcconfig; name = "Pods-BookSeeker.debug.xcconfig"; path = "Target Support Files/Pods-BookSeeker/Pods-BookSeeker.debug.xcconfig"; sourceTree = "<group>"; };
		4CF5FC76F99E2A6429B2F3E1 /* Pods_BookSeekerPresenter.framework */ = {isa = PBXFileReference; explicitFileType = wrapper.framework; includeInIndex = 0; path = Pods_BookSeekerPresenter.framework; sourceTree = BUILT_PRODUCTS_DIR; };
		57B09DA1A70D7E8D102A9174 /* Pods-BookSeekerPresenter.debug.xcconfig */ = {isa = PBXFileReference; includeInIndex = 1; lastKnownFileType = text.xcconfig; name = "Pods-BookSeekerPresenter.debug.xcconfig"; path = "Target Support Files/Pods-BookSeekerPresenter/Pods-BookSeekerPresenter.debug.xcconfig"; sourceTree = "<group>"; };
		6F75F2ADFA5278EECEBBE690 /* Pods-BookSeekerInfrastructure.release.xcconfig */ = {isa = PBXFileReference; includeInIndex = 1; lastKnownFileType = text.xcconfig; name = "Pods-BookSeekerInfrastructure.release.xcconfig"; path = "Target Support Files/Pods-BookSeekerInfrastructure/Pods-BookSeekerInfrastructure.release.xcconfig"; sourceTree = "<group>"; };
		93DCA9FC93B824D24B5AFCBB /* Pods-BookSeeker.release.xcconfig */ = {isa = PBXFileReference; includeInIndex = 1; lastKnownFileType = text.xcconfig; name = "Pods-BookSeeker.release.xcconfig"; path = "Target Support Files/Pods-BookSeeker/Pods-BookSeeker.release.xcconfig"; sourceTree = "<group>"; };
		B6457D06F4611A3219B31560 /* Pods-BookSeekerTests.release.xcconfig */ = {isa = PBXFileReference; includeInIndex = 1; lastKnownFileType = text.xcconfig; name = "Pods-BookSeekerTests.release.xcconfig"; path = "Target Support Files/Pods-BookSeekerTests/Pods-BookSeekerTests.release.xcconfig"; sourceTree = "<group>"; };
		CC7C3AD26BFE6025BFC0B4D0 /* Pods-BookSeekerTests.debug.xcconfig */ = {isa = PBXFileReference; includeInIndex = 1; lastKnownFileType = text.xcconfig; name = "Pods-BookSeekerTests.debug.xcconfig"; path = "Target Support Files/Pods-BookSeekerTests/Pods-BookSeekerTests.debug.xcconfig"; sourceTree = "<group>"; };
		E38903BB9252A43E8BDC9E12 /* Pods_BookSeeker.framework */ = {isa = PBXFileReference; explicitFileType = wrapper.framework; includeInIndex = 0; path = Pods_BookSeeker.framework; sourceTree = BUILT_PRODUCTS_DIR; };
		EC35EDF22482D084006FFACF /* DomainError.swift */ = {isa = PBXFileReference; lastKnownFileType = sourcecode.swift; path = DomainError.swift; sourceTree = "<group>"; };
		EC35EE172482EC95006FFACF /* BookSeekerApplication.framework */ = {isa = PBXFileReference; explicitFileType = wrapper.framework; includeInIndex = 0; path = BookSeekerApplication.framework; sourceTree = BUILT_PRODUCTS_DIR; };
		EC35EE192482EC95006FFACF /* BookSeekerApplication.h */ = {isa = PBXFileReference; lastKnownFileType = sourcecode.c.h; path = BookSeekerApplication.h; sourceTree = "<group>"; };
		EC35EE1A2482EC95006FFACF /* Info.plist */ = {isa = PBXFileReference; lastKnownFileType = text.plist.xml; path = Info.plist; sourceTree = "<group>"; };
		EC35EE1F2482EC95006FFACF /* BookSeekerApplicationTests.xctest */ = {isa = PBXFileReference; explicitFileType = wrapper.cfbundle; includeInIndex = 0; path = BookSeekerApplicationTests.xctest; sourceTree = BUILT_PRODUCTS_DIR; };
		EC35EE242482EC95006FFACF /* BookSeekerApplicationTests.swift */ = {isa = PBXFileReference; lastKnownFileType = sourcecode.swift; path = BookSeekerApplicationTests.swift; sourceTree = "<group>"; };
		EC35EE262482EC95006FFACF /* Info.plist */ = {isa = PBXFileReference; lastKnownFileType = text.plist.xml; path = Info.plist; sourceTree = "<group>"; };
		EC35EE4A2482F200006FFACF /* Alamofire.framework */ = {isa = PBXFileReference; explicitFileType = wrapper.framework; path = Alamofire.framework; sourceTree = BUILT_PRODUCTS_DIR; };
		EC35EE572482F77A006FFACF /* BookCompletion.swift */ = {isa = PBXFileReference; fileEncoding = 4; lastKnownFileType = sourcecode.swift; path = BookCompletion.swift; sourceTree = "<group>"; };
		EC35EE5E248322DA006FFACF /* BookSearchService.swift */ = {isa = PBXFileReference; fileEncoding = 4; lastKnownFileType = sourcecode.swift; path = BookSearchService.swift; sourceTree = "<group>"; };
		EC3E3895244C5CA6009E533C /* BookSearchDetailViewController.swift */ = {isa = PBXFileReference; lastKnownFileType = sourcecode.swift; path = BookSearchDetailViewController.swift; sourceTree = "<group>"; };
		EC3E389C244C691E009E533C /* CallbackTypes.swift */ = {isa = PBXFileReference; lastKnownFileType = sourcecode.swift; path = CallbackTypes.swift; sourceTree = "<group>"; };
		EC3E38A0244D00AA009E533C /* UIViewAlertExtension.swift */ = {isa = PBXFileReference; lastKnownFileType = sourcecode.swift; path = UIViewAlertExtension.swift; sourceTree = "<group>"; };
		EC3E38A3244D032A009E533C /* StringLocalizeExtension.swift */ = {isa = PBXFileReference; lastKnownFileType = sourcecode.swift; path = StringLocalizeExtension.swift; sourceTree = "<group>"; };
		EC3E38B0244D0C4C009E533C /* BookSearchServiceIntegrationTests.swift */ = {isa = PBXFileReference; lastKnownFileType = sourcecode.swift; path = BookSearchServiceIntegrationTests.swift; sourceTree = "<group>"; };
		EC488EE1248324EB00EFF355 /* Book.swift */ = {isa = PBXFileReference; fileEncoding = 4; lastKnownFileType = sourcecode.swift; path = Book.swift; sourceTree = "<group>"; };
		EC488EE2248324EB00EFF355 /* BookResponse.swift */ = {isa = PBXFileReference; fileEncoding = 4; lastKnownFileType = sourcecode.swift; path = BookResponse.swift; sourceTree = "<group>"; };
		EC488EE52483271000EFF355 /* RequestCompletion.swift */ = {isa = PBXFileReference; lastKnownFileType = sourcecode.swift; path = RequestCompletion.swift; sourceTree = "<group>"; };
		EC4CF8EE245A2F2E00948743 /* UICustomView.swift */ = {isa = PBXFileReference; lastKnownFileType = sourcecode.swift; path = UICustomView.swift; sourceTree = "<group>"; };
		EC4CF8F0245A407B00948743 /* BookSearchTextViewDelegate.swift */ = {isa = PBXFileReference; lastKnownFileType = sourcecode.swift; path = BookSearchTextViewDelegate.swift; sourceTree = "<group>"; };
		EC4CF8F2245A47A300948743 /* AppCoordinator.swift */ = {isa = PBXFileReference; lastKnownFileType = sourcecode.swift; path = AppCoordinator.swift; sourceTree = "<group>"; };
		EC53B03E246CBFA100C9C6D1 /* BookSeekerPresenter.framework */ = {isa = PBXFileReference; explicitFileType = wrapper.framework; includeInIndex = 0; path = BookSeekerPresenter.framework; sourceTree = BUILT_PRODUCTS_DIR; };
		EC53B040246CBFA100C9C6D1 /* BookSeekerPresenter.h */ = {isa = PBXFileReference; lastKnownFileType = sourcecode.c.h; path = BookSeekerPresenter.h; sourceTree = "<group>"; };
		EC53B041246CBFA100C9C6D1 /* Info.plist */ = {isa = PBXFileReference; lastKnownFileType = text.plist.xml; path = Info.plist; sourceTree = "<group>"; };
		EC53B046246CBFA100C9C6D1 /* BookSeekerPresenterTests.xctest */ = {isa = PBXFileReference; explicitFileType = wrapper.cfbundle; includeInIndex = 0; path = BookSeekerPresenterTests.xctest; sourceTree = BUILT_PRODUCTS_DIR; };
		EC53B04D246CBFA100C9C6D1 /* BookSeekerPresenterTests.swift */ = {isa = PBXFileReference; lastKnownFileType = sourcecode.swift; path = BookSeekerPresenterTests.swift; sourceTree = "<group>"; };
		EC53B04F246CBFA100C9C6D1 /* Info.plist */ = {isa = PBXFileReference; lastKnownFileType = text.plist.xml; path = Info.plist; sourceTree = "<group>"; };
		EC53DD2D245CD73C00626E0C /* UseCaseAssembly.swift */ = {isa = PBXFileReference; lastKnownFileType = sourcecode.swift; path = UseCaseAssembly.swift; sourceTree = "<group>"; };
		EC53DD2F245CD7C700626E0C /* NetworkAssembly.swift */ = {isa = PBXFileReference; lastKnownFileType = sourcecode.swift; path = NetworkAssembly.swift; sourceTree = "<group>"; };
		EC53DD31245CD86100626E0C /* ServiceAssembly.swift */ = {isa = PBXFileReference; lastKnownFileType = sourcecode.swift; path = ServiceAssembly.swift; sourceTree = "<group>"; };
		EC53DD33245CE06400626E0C /* BookSearchDetailViewModel.swift */ = {isa = PBXFileReference; lastKnownFileType = sourcecode.swift; path = BookSearchDetailViewModel.swift; sourceTree = "<group>"; };
		EC53DD37245CE5A500626E0C /* BookSeekerAssembler.swift */ = {isa = PBXFileReference; lastKnownFileType = sourcecode.swift; path = BookSeekerAssembler.swift; sourceTree = "<group>"; };
		EC5B4371244911E600EC0E7B /* BookSeeker.app */ = {isa = PBXFileReference; explicitFileType = wrapper.application; includeInIndex = 0; path = BookSeeker.app; sourceTree = BUILT_PRODUCTS_DIR; };
		EC5B4374244911E600EC0E7B /* AppDelegate.swift */ = {isa = PBXFileReference; lastKnownFileType = sourcecode.swift; path = AppDelegate.swift; sourceTree = "<group>"; };
		EC5B4376244911E600EC0E7B /* SceneDelegate.swift */ = {isa = PBXFileReference; lastKnownFileType = sourcecode.swift; path = SceneDelegate.swift; sourceTree = "<group>"; };
		EC5B437D244911EA00EC0E7B /* Assets.xcassets */ = {isa = PBXFileReference; lastKnownFileType = folder.assetcatalog; path = Assets.xcassets; sourceTree = "<group>"; };
		EC5B4380244911EA00EC0E7B /* Base */ = {isa = PBXFileReference; lastKnownFileType = file.storyboard; name = Base; path = Base.lproj/LaunchScreen.storyboard; sourceTree = "<group>"; };
		EC5B4382244911EA00EC0E7B /* Info.plist */ = {isa = PBXFileReference; lastKnownFileType = text.plist.xml; path = Info.plist; sourceTree = "<group>"; };
		EC5B4387244911EA00EC0E7B /* BookSeekerTests.xctest */ = {isa = PBXFileReference; explicitFileType = wrapper.cfbundle; includeInIndex = 0; path = BookSeekerTests.xctest; sourceTree = BUILT_PRODUCTS_DIR; };
		EC5B438D244911EA00EC0E7B /* Info.plist */ = {isa = PBXFileReference; lastKnownFileType = text.plist.xml; path = Info.plist; sourceTree = "<group>"; };
		EC80FC2C2449346A00CA0570 /* BookSearchViewModel.swift */ = {isa = PBXFileReference; lastKnownFileType = sourcecode.swift; path = BookSearchViewModel.swift; sourceTree = "<group>"; };
		EC80FC30244939EF00CA0570 /* BookSearchViewController.swift */ = {isa = PBXFileReference; lastKnownFileType = sourcecode.swift; path = BookSearchViewController.swift; sourceTree = "<group>"; };
		EC80FC32244A402400CA0570 /* HttpGetService.swift */ = {isa = PBXFileReference; lastKnownFileType = sourcecode.swift; path = HttpGetService.swift; sourceTree = "<group>"; };
		EC80FC34244A406100CA0570 /* AlamofireHttpGetService.swift */ = {isa = PBXFileReference; lastKnownFileType = sourcecode.swift; path = AlamofireHttpGetService.swift; sourceTree = "<group>"; };
		EC80FC3A244A73BE00CA0570 /* Model.swift */ = {isa = PBXFileReference; lastKnownFileType = sourcecode.swift; path = Model.swift; sourceTree = "<group>"; };
		EC80FC3D244B28E400CA0570 /* AlamofireNetworkTests.swift */ = {isa = PBXFileReference; lastKnownFileType = sourcecode.swift; path = AlamofireNetworkTests.swift; sourceTree = "<group>"; };
		EC80FC42244B638000CA0570 /* BookSearchResultViewModel.swift */ = {isa = PBXFileReference; lastKnownFileType = sourcecode.swift; path = BookSearchResultViewModel.swift; sourceTree = "<group>"; };
		EC80FC45244B64C700CA0570 /* BookSearchViewControllerDelegate.swift */ = {isa = PBXFileReference; lastKnownFileType = sourcecode.swift; path = BookSearchViewControllerDelegate.swift; sourceTree = "<group>"; };
		EC80FC47244B6CF400CA0570 /* BookSearchResultViewController.swift */ = {isa = PBXFileReference; lastKnownFileType = sourcecode.swift; path = BookSearchResultViewController.swift; sourceTree = "<group>"; };
		EC80FC49244BB97200CA0570 /* BookCell.swift */ = {isa = PBXFileReference; lastKnownFileType = sourcecode.swift; path = BookCell.swift; sourceTree = "<group>"; };
		EC83511C24904AEE0052D5F6 /* BookSearchDetailView.swift */ = {isa = PBXFileReference; lastKnownFileType = sourcecode.swift; path = BookSearchDetailView.swift; sourceTree = "<group>"; };
		EC90199224675CAE00BD662B /* BookSeekerDomain.framework */ = {isa = PBXFileReference; explicitFileType = wrapper.framework; includeInIndex = 0; path = BookSeekerDomain.framework; sourceTree = BUILT_PRODUCTS_DIR; };
		EC90199524675CAE00BD662B /* Info.plist */ = {isa = PBXFileReference; lastKnownFileType = text.plist.xml; path = Info.plist; sourceTree = "<group>"; };
		EC90199A24675CAF00BD662B /* BookSeekerDomainTests.xctest */ = {isa = PBXFileReference; explicitFileType = wrapper.cfbundle; includeInIndex = 0; path = BookSeekerDomainTests.xctest; sourceTree = BUILT_PRODUCTS_DIR; };
		EC90199F24675CAF00BD662B /* BookSeekerDomainTests.swift */ = {isa = PBXFileReference; lastKnownFileType = sourcecode.swift; path = BookSeekerDomainTests.swift; sourceTree = "<group>"; };
		EC9019A124675CAF00BD662B /* Info.plist */ = {isa = PBXFileReference; lastKnownFileType = text.plist.xml; path = Info.plist; sourceTree = "<group>"; };
		EC901A112467647300BD662B /* BookSeekerInfrastructure.framework */ = {isa = PBXFileReference; explicitFileType = wrapper.framework; includeInIndex = 0; path = BookSeekerInfrastructure.framework; sourceTree = BUILT_PRODUCTS_DIR; };
		EC901A142467647300BD662B /* Info.plist */ = {isa = PBXFileReference; lastKnownFileType = text.plist.xml; path = Info.plist; sourceTree = "<group>"; };
		EC901A192467647300BD662B /* BookSeekerInfrastructureTests.xctest */ = {isa = PBXFileReference; explicitFileType = wrapper.cfbundle; includeInIndex = 0; path = BookSeekerInfrastructureTests.xctest; sourceTree = BUILT_PRODUCTS_DIR; };
		EC901A202467647300BD662B /* Info.plist */ = {isa = PBXFileReference; lastKnownFileType = text.plist.xml; path = Info.plist; sourceTree = "<group>"; };
		EC9B3E8524544EEA008ED9BA /* BookSearchView.swift */ = {isa = PBXFileReference; lastKnownFileType = sourcecode.swift; path = BookSearchView.swift; sourceTree = "<group>"; };
		ECFA07A22454AC5D000FBFF4 /* UIViewSafeArea.swift */ = {isa = PBXFileReference; lastKnownFileType = sourcecode.swift; path = UIViewSafeArea.swift; sourceTree = "<group>"; };
		ECFA07AC2454F0AD000FBFF4 /* pt-BR */ = {isa = PBXFileReference; lastKnownFileType = text.plist.strings; name = "pt-BR"; path = "pt-BR.lproj/LaunchScreen.strings"; sourceTree = "<group>"; };
		ECFA07B42454F2B2000FBFF4 /* pt-BR */ = {isa = PBXFileReference; lastKnownFileType = text.plist.strings; name = "pt-BR"; path = "pt-BR.lproj/Localizable.strings"; sourceTree = "<group>"; };
		ECFA07B52454F2B5000FBFF4 /* en */ = {isa = PBXFileReference; lastKnownFileType = text.plist.strings; name = en; path = en.lproj/Localizable.strings; sourceTree = "<group>"; };
		F2B14FE39B985DF4BF9FA23B /* Pods_BookSeekerInfrastructure.framework */ = {isa = PBXFileReference; explicitFileType = wrapper.framework; includeInIndex = 0; path = Pods_BookSeekerInfrastructure.framework; sourceTree = BUILT_PRODUCTS_DIR; };
/* End PBXFileReference section */

/* Begin PBXFrameworksBuildPhase section */
		EC35EE142482EC95006FFACF /* Frameworks */ = {
			isa = PBXFrameworksBuildPhase;
			buildActionMask = 2147483647;
			files = (
				EC35EE312482ECF1006FFACF /* BookSeekerDomain.framework in Frameworks */,
				EC35EE352482ECF1006FFACF /* BookSeekerInfrastructure.framework in Frameworks */,
			);
			runOnlyForDeploymentPostprocessing = 0;
		};
		EC35EE1C2482EC95006FFACF /* Frameworks */ = {
			isa = PBXFrameworksBuildPhase;
			buildActionMask = 2147483647;
			files = (
				EC35EE202482EC95006FFACF /* BookSeekerApplication.framework in Frameworks */,
			);
			runOnlyForDeploymentPostprocessing = 0;
		};
		EC53B03B246CBFA100C9C6D1 /* Frameworks */ = {
			isa = PBXFrameworksBuildPhase;
			buildActionMask = 2147483647;
			files = (
				EC835117249045C70052D5F6 /* BookSeekerDomain.framework in Frameworks */,
				E5C2C6DD9482FBBFED3F300B /* Pods_BookSeekerPresenter.framework in Frameworks */,
			);
			runOnlyForDeploymentPostprocessing = 0;
		};
		EC53B043246CBFA100C9C6D1 /* Frameworks */ = {
			isa = PBXFrameworksBuildPhase;
			buildActionMask = 2147483647;
			files = (
				EC53B047246CBFA100C9C6D1 /* BookSeekerPresenter.framework in Frameworks */,
			);
			runOnlyForDeploymentPostprocessing = 0;
		};
		EC5B436E244911E600EC0E7B /* Frameworks */ = {
			isa = PBXFrameworksBuildPhase;
			buildActionMask = 2147483647;
			files = (
				EC35EE0A2482DA00006FFACF /* BookSeekerDomain.framework in Frameworks */,
				EC8351122490429C0052D5F6 /* BookSeekerPresenter.framework in Frameworks */,
				EC35EE3E2482EDC0006FFACF /* BookSeekerInfrastructure.framework in Frameworks */,
				3768B4637C9A1027086F5E1E /* Pods_BookSeeker.framework in Frameworks */,
				EC35EE3A2482EDB7006FFACF /* BookSeekerApplication.framework in Frameworks */,
			);
			runOnlyForDeploymentPostprocessing = 0;
		};
		EC5B4384244911EA00EC0E7B /* Frameworks */ = {
			isa = PBXFrameworksBuildPhase;
			buildActionMask = 2147483647;
			files = (
				4302D5ACD3024E3B1993A533 /* Pods_BookSeekerTests.framework in Frameworks */,
			);
			runOnlyForDeploymentPostprocessing = 0;
		};
		EC90198F24675CAE00BD662B /* Frameworks */ = {
			isa = PBXFrameworksBuildPhase;
			buildActionMask = 2147483647;
			files = (
			);
			runOnlyForDeploymentPostprocessing = 0;
		};
		EC90199724675CAF00BD662B /* Frameworks */ = {
			isa = PBXFrameworksBuildPhase;
			buildActionMask = 2147483647;
			files = (
				EC90199B24675CAF00BD662B /* BookSeekerDomain.framework in Frameworks */,
			);
			runOnlyForDeploymentPostprocessing = 0;
		};
		EC901A0E2467647300BD662B /* Frameworks */ = {
			isa = PBXFrameworksBuildPhase;
			buildActionMask = 2147483647;
			files = (
				EC35EE4B2482F200006FFACF /* Alamofire.framework in Frameworks */,
				FFAFFE74660C909FBFFF4F67 /* Pods_BookSeekerInfrastructure.framework in Frameworks */,
			);
			runOnlyForDeploymentPostprocessing = 0;
		};
		EC901A162467647300BD662B /* Frameworks */ = {
			isa = PBXFrameworksBuildPhase;
			buildActionMask = 2147483647;
			files = (
				EC901A1A2467647300BD662B /* BookSeekerInfrastructure.framework in Frameworks */,
			);
			runOnlyForDeploymentPostprocessing = 0;
		};
/* End PBXFrameworksBuildPhase section */

/* Begin PBXGroup section */
		1F007F678F1E994670F70253 /* Frameworks */ = {
			isa = PBXGroup;
			children = (
				EC35EE4A2482F200006FFACF /* Alamofire.framework */,
				E38903BB9252A43E8BDC9E12 /* Pods_BookSeeker.framework */,
				0CE532B43EBC3675649B52F8 /* Pods_BookSeekerTests.framework */,
				F2B14FE39B985DF4BF9FA23B /* Pods_BookSeekerInfrastructure.framework */,
				4CF5FC76F99E2A6429B2F3E1 /* Pods_BookSeekerPresenter.framework */,
			);
			name = Frameworks;
			sourceTree = "<group>";
		};
		BB8BA720DA03C5D1E9ABEE69 /* Pods */ = {
			isa = PBXGroup;
			children = (
				3E6AC713820FF92D48E170E7 /* Pods-BookSeeker.debug.xcconfig */,
				93DCA9FC93B824D24B5AFCBB /* Pods-BookSeeker.release.xcconfig */,
				CC7C3AD26BFE6025BFC0B4D0 /* Pods-BookSeekerTests.debug.xcconfig */,
				B6457D06F4611A3219B31560 /* Pods-BookSeekerTests.release.xcconfig */,
				3C1D1A213E426863857E1374 /* Pods-BookSeekerInfrastructure.debug.xcconfig */,
				6F75F2ADFA5278EECEBBE690 /* Pods-BookSeekerInfrastructure.release.xcconfig */,
				57B09DA1A70D7E8D102A9174 /* Pods-BookSeekerPresenter.debug.xcconfig */,
				385DE687ED3EFA7BAAEFBF85 /* Pods-BookSeekerPresenter.release.xcconfig */,
			);
			path = Pods;
			sourceTree = "<group>";
		};
		EC35EDF12482D063006FFACF /* Exceptions */ = {
			isa = PBXGroup;
			children = (
				EC35EDF22482D084006FFACF /* DomainError.swift */,
			);
			path = Exceptions;
			sourceTree = "<group>";
		};
		EC35EE182482EC95006FFACF /* BookSeekerApplication */ = {
			isa = PBXGroup;
			children = (
				EC35EE2E2482ECAD006FFACF /* UseCases */,
				EC35EE192482EC95006FFACF /* BookSeekerApplication.h */,
				EC35EE1A2482EC95006FFACF /* Info.plist */,
			);
			path = BookSeekerApplication;
			sourceTree = "<group>";
		};
		EC35EE232482EC95006FFACF /* BookSeekerApplicationTests */ = {
			isa = PBXGroup;
			children = (
				EC35EE242482EC95006FFACF /* BookSeekerApplicationTests.swift */,
				EC35EE262482EC95006FFACF /* Info.plist */,
			);
			path = BookSeekerApplicationTests;
			sourceTree = "<group>";
		};
		EC35EE2E2482ECAD006FFACF /* UseCases */ = {
			isa = PBXGroup;
			children = (
			);
			path = UseCases;
			sourceTree = "<group>";
		};
		EC35EE5C248322DA006FFACF /* Search */ = {
			isa = PBXGroup;
			children = (
				EC35EE5E248322DA006FFACF /* BookSearchService.swift */,
				EC35EE572482F77A006FFACF /* BookCompletion.swift */,
			);
			path = Search;
			sourceTree = "<group>";
		};
		EC3E389B244C68D9009E533C /* Types */ = {
			isa = PBXGroup;
			children = (
				EC3E389C244C691E009E533C /* CallbackTypes.swift */,
			);
			path = Types;
			sourceTree = "<group>";
		};
		EC3E38A2244D00BE009E533C /* Extensions */ = {
			isa = PBXGroup;
			children = (
				EC3E38A3244D032A009E533C /* StringLocalizeExtension.swift */,
			);
			path = Extensions;
			sourceTree = "<group>";
		};
		EC3E38AF244D0BDC009E533C /* BookServiceTests */ = {
			isa = PBXGroup;
			children = (
				EC3E38B0244D0C4C009E533C /* BookSearchServiceIntegrationTests.swift */,
			);
			path = BookServiceTests;
			sourceTree = "<group>";
		};
		EC488EDE2483240100EFF355 /* Network */ = {
			isa = PBXGroup;
			children = (
				EC488EE52483271000EFF355 /* RequestCompletion.swift */,
				EC80FC32244A402400CA0570 /* HttpGetService.swift */,
			);
			path = Network;
			sourceTree = "<group>";
		};
		EC488EE0248324EB00EFF355 /* Books */ = {
			isa = PBXGroup;
			children = (
				EC488EE1248324EB00EFF355 /* Book.swift */,
				EC488EE2248324EB00EFF355 /* BookResponse.swift */,
			);
			path = Books;
			sourceTree = "<group>";
		};
		EC488EE72484415500EFF355 /* Services */ = {
			isa = PBXGroup;
			children = (
				EC9019AE24675E2A00BD662B /* Books */,
			);
			path = Services;
			sourceTree = "<group>";
		};
		EC488EE82484417600EFF355 /* UseCases */ = {
			isa = PBXGroup;
			children = (
			);
			path = UseCases;
			sourceTree = "<group>";
		};
		EC4CF8ED245A251300948743 /* UIExtensions */ = {
			isa = PBXGroup;
			children = (
				EC3E38A0244D00AA009E533C /* UIViewAlertExtension.swift */,
				ECFA07A22454AC5D000FBFF4 /* UIViewSafeArea.swift */,
				EC4CF8EE245A2F2E00948743 /* UICustomView.swift */,
			);
			path = UIExtensions;
			sourceTree = "<group>";
		};
		EC53B03F246CBFA100C9C6D1 /* BookSeekerPresenter */ = {
			isa = PBXGroup;
			children = (
				EC4CF8ED245A251300948743 /* UIExtensions */,
				EC5B43A52449146300EC0E7B /* ViewModel */,
				EC53B040246CBFA100C9C6D1 /* BookSeekerPresenter.h */,
				EC53B041246CBFA100C9C6D1 /* Info.plist */,
			);
			path = BookSeekerPresenter;
			sourceTree = "<group>";
		};
		EC53B04C246CBFA100C9C6D1 /* BookSeekerPresenterTests */ = {
			isa = PBXGroup;
			children = (
				EC53B04D246CBFA100C9C6D1 /* BookSeekerPresenterTests.swift */,
				EC53B04F246CBFA100C9C6D1 /* Info.plist */,
			);
			path = BookSeekerPresenterTests;
			sourceTree = "<group>";
		};
		EC53DD2C245CD6A900626E0C /* DependencyInjection */ = {
			isa = PBXGroup;
			children = (
				EC53DD2D245CD73C00626E0C /* UseCaseAssembly.swift */,
				EC53DD2F245CD7C700626E0C /* NetworkAssembly.swift */,
				EC53DD31245CD86100626E0C /* ServiceAssembly.swift */,
				EC53DD37245CE5A500626E0C /* BookSeekerAssembler.swift */,
			);
			path = DependencyInjection;
			sourceTree = "<group>";
		};
		EC5B4368244911E600EC0E7B = {
			isa = PBXGroup;
			children = (
				EC5B4373244911E600EC0E7B /* BookSeeker */,
				EC5B438A244911EA00EC0E7B /* BookSeekerTests */,
				EC90199324675CAE00BD662B /* BookSeekerDomain */,
				EC90199E24675CAF00BD662B /* BookSeekerDomainTests */,
				EC901A122467647300BD662B /* BookSeekerInfrastructure */,
				EC901A1D2467647300BD662B /* BookSeekerInfrastructureTests */,
				EC53B03F246CBFA100C9C6D1 /* BookSeekerPresenter */,
				EC53B04C246CBFA100C9C6D1 /* BookSeekerPresenterTests */,
				EC35EE182482EC95006FFACF /* BookSeekerApplication */,
				EC35EE232482EC95006FFACF /* BookSeekerApplicationTests */,
				EC5B4372244911E600EC0E7B /* Products */,
				BB8BA720DA03C5D1E9ABEE69 /* Pods */,
				1F007F678F1E994670F70253 /* Frameworks */,
			);
			sourceTree = "<group>";
		};
		EC5B4372244911E600EC0E7B /* Products */ = {
			isa = PBXGroup;
			children = (
				EC5B4371244911E600EC0E7B /* BookSeeker.app */,
				EC5B4387244911EA00EC0E7B /* BookSeekerTests.xctest */,
				EC90199224675CAE00BD662B /* BookSeekerDomain.framework */,
				EC90199A24675CAF00BD662B /* BookSeekerDomainTests.xctest */,
				EC901A112467647300BD662B /* BookSeekerInfrastructure.framework */,
				EC901A192467647300BD662B /* BookSeekerInfrastructureTests.xctest */,
				EC53B03E246CBFA100C9C6D1 /* BookSeekerPresenter.framework */,
				EC53B046246CBFA100C9C6D1 /* BookSeekerPresenterTests.xctest */,
				EC35EE172482EC95006FFACF /* BookSeekerApplication.framework */,
				EC35EE1F2482EC95006FFACF /* BookSeekerApplicationTests.xctest */,
			);
			name = Products;
			sourceTree = "<group>";
		};
		EC5B4373244911E600EC0E7B /* BookSeeker */ = {
			isa = PBXGroup;
			children = (
				EC53DD2C245CD6A900626E0C /* DependencyInjection */,
				EC5B4374244911E600EC0E7B /* AppDelegate.swift */,
				EC4CF8F2245A47A300948743 /* AppCoordinator.swift */,
				EC5B4376244911E600EC0E7B /* SceneDelegate.swift */,
				EC5B437D244911EA00EC0E7B /* Assets.xcassets */,
				EC5B437F244911EA00EC0E7B /* LaunchScreen.storyboard */,
				ECFA07B32454F29D000FBFF4 /* Localizable.strings */,
				EC5B4382244911EA00EC0E7B /* Info.plist */,
			);
			path = BookSeeker;
			sourceTree = "<group>";
		};
		EC5B438A244911EA00EC0E7B /* BookSeekerTests */ = {
			isa = PBXGroup;
			children = (
				EC3E38AF244D0BDC009E533C /* BookServiceTests */,
				EC5B438D244911EA00EC0E7B /* Info.plist */,
			);
			path = BookSeekerTests;
			sourceTree = "<group>";
		};
		EC5B43A52449146300EC0E7B /* ViewModel */ = {
			isa = PBXGroup;
			children = (
				EC3E389B244C68D9009E533C /* Types */,
				EC80FC41244B46E400CA0570 /* SearchResult */,
				EC80FC40244B46C300CA0570 /* SearchDetail */,
				EC80FC3F244B469E00CA0570 /* SearchBook */,
			);
			path = ViewModel;
			sourceTree = "<group>";
		};
		EC80FC3F244B469E00CA0570 /* SearchBook */ = {
			isa = PBXGroup;
			children = (
				EC80FC30244939EF00CA0570 /* BookSearchViewController.swift */,
				EC80FC2C2449346A00CA0570 /* BookSearchViewModel.swift */,
				EC9B3E8524544EEA008ED9BA /* BookSearchView.swift */,
				EC80FC45244B64C700CA0570 /* BookSearchViewControllerDelegate.swift */,
				EC4CF8F0245A407B00948743 /* BookSearchTextViewDelegate.swift */,
			);
			path = SearchBook;
			sourceTree = "<group>";
		};
		EC80FC40244B46C300CA0570 /* SearchDetail */ = {
			isa = PBXGroup;
			children = (
				EC3E3895244C5CA6009E533C /* BookSearchDetailViewController.swift */,
				EC53DD33245CE06400626E0C /* BookSearchDetailViewModel.swift */,
				EC83511C24904AEE0052D5F6 /* BookSearchDetailView.swift */,
			);
			path = SearchDetail;
			sourceTree = "<group>";
		};
		EC80FC41244B46E400CA0570 /* SearchResult */ = {
			isa = PBXGroup;
			children = (
				EC80FC42244B638000CA0570 /* BookSearchResultViewModel.swift */,
				EC80FC47244B6CF400CA0570 /* BookSearchResultViewController.swift */,
				EC80FC49244BB97200CA0570 /* BookCell.swift */,
			);
			path = SearchResult;
			sourceTree = "<group>";
		};
		EC90199324675CAE00BD662B /* BookSeekerDomain */ = {
			isa = PBXGroup;
			children = (
				EC3E38A2244D00BE009E533C /* Extensions */,
				EC488EE82484417600EFF355 /* UseCases */,
				EC488EDE2483240100EFF355 /* Network */,
				EC488EE72484415500EFF355 /* Services */,
				EC35EDF12482D063006FFACF /* Exceptions */,
				EC9019B7246761DE00BD662B /* Models */,
				EC90199524675CAE00BD662B /* Info.plist */,
			);
			path = BookSeekerDomain;
			sourceTree = "<group>";
		};
		EC90199E24675CAF00BD662B /* BookSeekerDomainTests */ = {
			isa = PBXGroup;
			children = (
				EC90199F24675CAF00BD662B /* BookSeekerDomainTests.swift */,
				EC9019A124675CAF00BD662B /* Info.plist */,
			);
			path = BookSeekerDomainTests;
			sourceTree = "<group>";
		};
		EC9019AE24675E2A00BD662B /* Books */ = {
			isa = PBXGroup;
			children = (
				EC35EE5C248322DA006FFACF /* Search */,
			);
			path = Books;
			sourceTree = "<group>";
		};
		EC9019B7246761DE00BD662B /* Models */ = {
			isa = PBXGroup;
			children = (
				EC488EE0248324EB00EFF355 /* Books */,
				EC80FC3A244A73BE00CA0570 /* Model.swift */,
			);
			path = Models;
			sourceTree = "<group>";
		};
		EC901A122467647300BD662B /* BookSeekerInfrastructure */ = {
			isa = PBXGroup;
			children = (
				EC901A28246764C200BD662B /* Network */,
				EC901A142467647300BD662B /* Info.plist */,
			);
			path = BookSeekerInfrastructure;
			sourceTree = "<group>";
		};
		EC901A1D2467647300BD662B /* BookSeekerInfrastructureTests */ = {
			isa = PBXGroup;
			children = (
				EC901A342467689D00BD662B /* Newtwork */,
				EC901A202467647300BD662B /* Info.plist */,
			);
			path = BookSeekerInfrastructureTests;
			sourceTree = "<group>";
		};
		EC901A28246764C200BD662B /* Network */ = {
			isa = PBXGroup;
			children = (
				EC80FC34244A406100CA0570 /* AlamofireHttpGetService.swift */,
			);
			path = Network;
			sourceTree = "<group>";
		};
		EC901A342467689D00BD662B /* Newtwork */ = {
			isa = PBXGroup;
			children = (
				EC80FC3D244B28E400CA0570 /* AlamofireNetworkTests.swift */,
			);
			path = Newtwork;
			sourceTree = "<group>";
		};
/* End PBXGroup section */

/* Begin PBXHeadersBuildPhase section */
		EC35EE122482EC95006FFACF /* Headers */ = {
			isa = PBXHeadersBuildPhase;
			buildActionMask = 2147483647;
			files = (
				EC35EE272482EC95006FFACF /* BookSeekerApplication.h in Headers */,
			);
			runOnlyForDeploymentPostprocessing = 0;
		};
		EC53B039246CBFA100C9C6D1 /* Headers */ = {
			isa = PBXHeadersBuildPhase;
			buildActionMask = 2147483647;
			files = (
				EC53B050246CBFA100C9C6D1 /* BookSeekerPresenter.h in Headers */,
			);
			runOnlyForDeploymentPostprocessing = 0;
		};
		EC90198D24675CAE00BD662B /* Headers */ = {
			isa = PBXHeadersBuildPhase;
			buildActionMask = 2147483647;
			files = (
			);
			runOnlyForDeploymentPostprocessing = 0;
		};
		EC901A0C2467647300BD662B /* Headers */ = {
			isa = PBXHeadersBuildPhase;
			buildActionMask = 2147483647;
			files = (
			);
			runOnlyForDeploymentPostprocessing = 0;
		};
/* End PBXHeadersBuildPhase section */

/* Begin PBXNativeTarget section */
		EC35EE162482EC95006FFACF /* BookSeekerApplication */ = {
			isa = PBXNativeTarget;
			buildConfigurationList = EC35EE282482EC95006FFACF /* Build configuration list for PBXNativeTarget "BookSeekerApplication" */;
			buildPhases = (
				EC35EE122482EC95006FFACF /* Headers */,
				EC35EE132482EC95006FFACF /* Sources */,
				EC35EE142482EC95006FFACF /* Frameworks */,
				EC35EE152482EC95006FFACF /* Resources */,
				EC35EE392482ECF1006FFACF /* Embed Frameworks */,
			);
			buildRules = (
			);
			dependencies = (
				EC35EE342482ECF1006FFACF /* PBXTargetDependency */,
				EC35EE382482ECF1006FFACF /* PBXTargetDependency */,
			);
			name = BookSeekerApplication;
			productName = BookSeekerApplication;
			productReference = EC35EE172482EC95006FFACF /* BookSeekerApplication.framework */;
			productType = "com.apple.product-type.framework";
		};
		EC35EE1E2482EC95006FFACF /* BookSeekerApplicationTests */ = {
			isa = PBXNativeTarget;
			buildConfigurationList = EC35EE2B2482EC95006FFACF /* Build configuration list for PBXNativeTarget "BookSeekerApplicationTests" */;
			buildPhases = (
				EC35EE1B2482EC95006FFACF /* Sources */,
				EC35EE1C2482EC95006FFACF /* Frameworks */,
				EC35EE1D2482EC95006FFACF /* Resources */,
			);
			buildRules = (
			);
			dependencies = (
				EC35EE222482EC95006FFACF /* PBXTargetDependency */,
			);
			name = BookSeekerApplicationTests;
			productName = BookSeekerApplicationTests;
			productReference = EC35EE1F2482EC95006FFACF /* BookSeekerApplicationTests.xctest */;
			productType = "com.apple.product-type.bundle.unit-test";
		};
		EC53B03D246CBFA100C9C6D1 /* BookSeekerPresenter */ = {
			isa = PBXNativeTarget;
			buildConfigurationList = EC53B059246CBFA100C9C6D1 /* Build configuration list for PBXNativeTarget "BookSeekerPresenter" */;
			buildPhases = (
				563F519459FA3F2AEE606657 /* [CP] Check Pods Manifest.lock */,
				EC53B039246CBFA100C9C6D1 /* Headers */,
				EC53B03A246CBFA100C9C6D1 /* Sources */,
				EC53B03B246CBFA100C9C6D1 /* Frameworks */,
				EC53B03C246CBFA100C9C6D1 /* Resources */,
				EC83511B249045C70052D5F6 /* Embed Frameworks */,
			);
			buildRules = (
			);
			dependencies = (
				EC83511A249045C70052D5F6 /* PBXTargetDependency */,
			);
			name = BookSeekerPresenter;
			productName = BookSeekerPresenter;
			productReference = EC53B03E246CBFA100C9C6D1 /* BookSeekerPresenter.framework */;
			productType = "com.apple.product-type.framework";
		};
		EC53B045246CBFA100C9C6D1 /* BookSeekerPresenterTests */ = {
			isa = PBXNativeTarget;
			buildConfigurationList = EC53B05A246CBFA100C9C6D1 /* Build configuration list for PBXNativeTarget "BookSeekerPresenterTests" */;
			buildPhases = (
				EC53B042246CBFA100C9C6D1 /* Sources */,
				EC53B043246CBFA100C9C6D1 /* Frameworks */,
				EC53B044246CBFA100C9C6D1 /* Resources */,
			);
			buildRules = (
			);
			dependencies = (
				EC53B049246CBFA100C9C6D1 /* PBXTargetDependency */,
				EC53B04B246CBFA100C9C6D1 /* PBXTargetDependency */,
			);
			name = BookSeekerPresenterTests;
			productName = BookSeekerPresenterTests;
			productReference = EC53B046246CBFA100C9C6D1 /* BookSeekerPresenterTests.xctest */;
			productType = "com.apple.product-type.bundle.unit-test";
		};
		EC5B4370244911E600EC0E7B /* BookSeeker */ = {
			isa = PBXNativeTarget;
			buildConfigurationList = EC5B439B244911EA00EC0E7B /* Build configuration list for PBXNativeTarget "BookSeeker" */;
			buildPhases = (
				06F560EE8B6D048DD3D36D21 /* [CP] Check Pods Manifest.lock */,
				EC5B436D244911E600EC0E7B /* Sources */,
				EC5B436E244911E600EC0E7B /* Frameworks */,
				EC5B436F244911E600EC0E7B /* Resources */,
				3567B912552CDA437237E302 /* [CP] Embed Pods Frameworks */,
				EC53DDB62462347200626E0C /* Embed PlugIns */,
				EC35EE0E2482DA00006FFACF /* Embed Frameworks */,
			);
			buildRules = (
			);
			dependencies = (
				EC35EE0D2482DA00006FFACF /* PBXTargetDependency */,
				EC35EE3D2482EDB7006FFACF /* PBXTargetDependency */,
				EC35EE412482EDC0006FFACF /* PBXTargetDependency */,
				EC8351152490429C0052D5F6 /* PBXTargetDependency */,
			);
			name = BookSeeker;
			productName = BookSeeker;
			productReference = EC5B4371244911E600EC0E7B /* BookSeeker.app */;
			productType = "com.apple.product-type.application";
		};
		EC5B4386244911EA00EC0E7B /* BookSeekerTests */ = {
			isa = PBXNativeTarget;
			buildConfigurationList = EC5B439E244911EA00EC0E7B /* Build configuration list for PBXNativeTarget "BookSeekerTests" */;
			buildPhases = (
				021AF63650D568286C243449 /* [CP] Check Pods Manifest.lock */,
				EC5B4383244911EA00EC0E7B /* Sources */,
				EC5B4384244911EA00EC0E7B /* Frameworks */,
				EC5B4385244911EA00EC0E7B /* Resources */,
				E99DCB1A1C725C572B2F7333 /* [CP] Embed Pods Frameworks */,
			);
			buildRules = (
			);
			dependencies = (
				EC5B4389244911EA00EC0E7B /* PBXTargetDependency */,
			);
			name = BookSeekerTests;
			productName = BookSeekerTests;
			productReference = EC5B4387244911EA00EC0E7B /* BookSeekerTests.xctest */;
			productType = "com.apple.product-type.bundle.unit-test";
		};
		EC90199124675CAE00BD662B /* BookSeekerDomain */ = {
			isa = PBXNativeTarget;
			buildConfigurationList = EC9019A724675CAF00BD662B /* Build configuration list for PBXNativeTarget "BookSeekerDomain" */;
			buildPhases = (
				EC90198D24675CAE00BD662B /* Headers */,
				EC90198E24675CAE00BD662B /* Sources */,
				EC90198F24675CAE00BD662B /* Frameworks */,
				EC90199024675CAE00BD662B /* Resources */,
			);
			buildRules = (
			);
			dependencies = (
			);
			name = BookSeekerDomain;
			productName = BookSeekerDomain;
			productReference = EC90199224675CAE00BD662B /* BookSeekerDomain.framework */;
			productType = "com.apple.product-type.framework";
		};
		EC90199924675CAF00BD662B /* BookSeekerDomainTests */ = {
			isa = PBXNativeTarget;
			buildConfigurationList = EC9019A824675CAF00BD662B /* Build configuration list for PBXNativeTarget "BookSeekerDomainTests" */;
			buildPhases = (
				EC90199624675CAF00BD662B /* Sources */,
				EC90199724675CAF00BD662B /* Frameworks */,
				EC90199824675CAF00BD662B /* Resources */,
			);
			buildRules = (
			);
			dependencies = (
				EC90199D24675CAF00BD662B /* PBXTargetDependency */,
			);
			name = BookSeekerDomainTests;
			productName = BookSeekerDomainTests;
			productReference = EC90199A24675CAF00BD662B /* BookSeekerDomainTests.xctest */;
			productType = "com.apple.product-type.bundle.unit-test";
		};
		EC901A102467647300BD662B /* BookSeekerInfrastructure */ = {
			isa = PBXNativeTarget;
			buildConfigurationList = EC901A222467647300BD662B /* Build configuration list for PBXNativeTarget "BookSeekerInfrastructure" */;
			buildPhases = (
				868479D5AC7EF988C929BA53 /* [CP] Check Pods Manifest.lock */,
				EC901A0C2467647300BD662B /* Headers */,
				EC901A0D2467647300BD662B /* Sources */,
				EC901A0E2467647300BD662B /* Frameworks */,
				EC901A0F2467647300BD662B /* Resources */,
				EC901A322467678F00BD662B /* Embed Frameworks */,
			);
			buildRules = (
			);
			dependencies = (
				EC901A312467678F00BD662B /* PBXTargetDependency */,
			);
			name = BookSeekerInfrastructure;
			productName = BookSeekerInfrastructure;
			productReference = EC901A112467647300BD662B /* BookSeekerInfrastructure.framework */;
			productType = "com.apple.product-type.framework";
		};
		EC901A182467647300BD662B /* BookSeekerInfrastructureTests */ = {
			isa = PBXNativeTarget;
			buildConfigurationList = EC901A252467647300BD662B /* Build configuration list for PBXNativeTarget "BookSeekerInfrastructureTests" */;
			buildPhases = (
				EC901A152467647300BD662B /* Sources */,
				EC901A162467647300BD662B /* Frameworks */,
				EC901A172467647300BD662B /* Resources */,
			);
			buildRules = (
			);
			dependencies = (
				EC901A1C2467647300BD662B /* PBXTargetDependency */,
			);
			name = BookSeekerInfrastructureTests;
			productName = BookSeekerInfrastructureTests;
			productReference = EC901A192467647300BD662B /* BookSeekerInfrastructureTests.xctest */;
			productType = "com.apple.product-type.bundle.unit-test";
		};
/* End PBXNativeTarget section */

/* Begin PBXProject section */
		EC5B4369244911E600EC0E7B /* Project object */ = {
			isa = PBXProject;
			attributes = {
				LastSwiftUpdateCheck = 1130;
				LastUpgradeCheck = 1130;
				ORGANIZATIONNAME = CodeOfThings;
				TargetAttributes = {
					EC35EE162482EC95006FFACF = {
						CreatedOnToolsVersion = 11.3.1;
					};
					EC35EE1E2482EC95006FFACF = {
						CreatedOnToolsVersion = 11.3.1;
					};
					EC53B03D246CBFA100C9C6D1 = {
						CreatedOnToolsVersion = 11.3.1;
					};
					EC53B045246CBFA100C9C6D1 = {
						CreatedOnToolsVersion = 11.3.1;
						TestTargetID = EC5B4370244911E600EC0E7B;
					};
					EC5B4370244911E600EC0E7B = {
						CreatedOnToolsVersion = 11.3.1;
					};
					EC5B4386244911EA00EC0E7B = {
						CreatedOnToolsVersion = 11.3.1;
						TestTargetID = EC5B4370244911E600EC0E7B;
					};
					EC90199124675CAE00BD662B = {
						CreatedOnToolsVersion = 11.3.1;
						LastSwiftMigration = 1130;
					};
					EC90199924675CAF00BD662B = {
						CreatedOnToolsVersion = 11.3.1;
					};
					EC901A102467647300BD662B = {
						CreatedOnToolsVersion = 11.3.1;
					};
					EC901A182467647300BD662B = {
						CreatedOnToolsVersion = 11.3.1;
					};
				};
			};
			buildConfigurationList = EC5B436C244911E600EC0E7B /* Build configuration list for PBXProject "BookSeeker" */;
			compatibilityVersion = "Xcode 9.3";
			developmentRegion = en;
			hasScannedForEncodings = 0;
			knownRegions = (
				en,
				Base,
				"pt-BR",
			);
			mainGroup = EC5B4368244911E600EC0E7B;
			productRefGroup = EC5B4372244911E600EC0E7B /* Products */;
			projectDirPath = "";
			projectRoot = "";
			targets = (
				EC5B4370244911E600EC0E7B /* BookSeeker */,
				EC5B4386244911EA00EC0E7B /* BookSeekerTests */,
				EC90199124675CAE00BD662B /* BookSeekerDomain */,
				EC90199924675CAF00BD662B /* BookSeekerDomainTests */,
				EC901A102467647300BD662B /* BookSeekerInfrastructure */,
				EC901A182467647300BD662B /* BookSeekerInfrastructureTests */,
				EC53B03D246CBFA100C9C6D1 /* BookSeekerPresenter */,
				EC53B045246CBFA100C9C6D1 /* BookSeekerPresenterTests */,
				EC35EE162482EC95006FFACF /* BookSeekerApplication */,
				EC35EE1E2482EC95006FFACF /* BookSeekerApplicationTests */,
			);
		};
/* End PBXProject section */

/* Begin PBXResourcesBuildPhase section */
		EC35EE152482EC95006FFACF /* Resources */ = {
			isa = PBXResourcesBuildPhase;
			buildActionMask = 2147483647;
			files = (
			);
			runOnlyForDeploymentPostprocessing = 0;
		};
		EC35EE1D2482EC95006FFACF /* Resources */ = {
			isa = PBXResourcesBuildPhase;
			buildActionMask = 2147483647;
			files = (
			);
			runOnlyForDeploymentPostprocessing = 0;
		};
		EC53B03C246CBFA100C9C6D1 /* Resources */ = {
			isa = PBXResourcesBuildPhase;
			buildActionMask = 2147483647;
			files = (
			);
			runOnlyForDeploymentPostprocessing = 0;
		};
		EC53B044246CBFA100C9C6D1 /* Resources */ = {
			isa = PBXResourcesBuildPhase;
			buildActionMask = 2147483647;
			files = (
			);
			runOnlyForDeploymentPostprocessing = 0;
		};
		EC5B436F244911E600EC0E7B /* Resources */ = {
			isa = PBXResourcesBuildPhase;
			buildActionMask = 2147483647;
			files = (
				EC5B4381244911EA00EC0E7B /* LaunchScreen.storyboard in Resources */,
				ECFA07B12454F29D000FBFF4 /* Localizable.strings in Resources */,
			);
			runOnlyForDeploymentPostprocessing = 0;
		};
		EC5B4385244911EA00EC0E7B /* Resources */ = {
			isa = PBXResourcesBuildPhase;
			buildActionMask = 2147483647;
			files = (
			);
			runOnlyForDeploymentPostprocessing = 0;
		};
		EC90199024675CAE00BD662B /* Resources */ = {
			isa = PBXResourcesBuildPhase;
			buildActionMask = 2147483647;
			files = (
			);
			runOnlyForDeploymentPostprocessing = 0;
		};
		EC90199824675CAF00BD662B /* Resources */ = {
			isa = PBXResourcesBuildPhase;
			buildActionMask = 2147483647;
			files = (
			);
			runOnlyForDeploymentPostprocessing = 0;
		};
		EC901A0F2467647300BD662B /* Resources */ = {
			isa = PBXResourcesBuildPhase;
			buildActionMask = 2147483647;
			files = (
			);
			runOnlyForDeploymentPostprocessing = 0;
		};
		EC901A172467647300BD662B /* Resources */ = {
			isa = PBXResourcesBuildPhase;
			buildActionMask = 2147483647;
			files = (
			);
			runOnlyForDeploymentPostprocessing = 0;
		};
/* End PBXResourcesBuildPhase section */

/* Begin PBXShellScriptBuildPhase section */
		021AF63650D568286C243449 /* [CP] Check Pods Manifest.lock */ = {
			isa = PBXShellScriptBuildPhase;
			buildActionMask = 2147483647;
			files = (
			);
			inputFileListPaths = (
			);
			inputPaths = (
				"${PODS_PODFILE_DIR_PATH}/Podfile.lock",
				"${PODS_ROOT}/Manifest.lock",
			);
			name = "[CP] Check Pods Manifest.lock";
			outputFileListPaths = (
			);
			outputPaths = (
				"$(DERIVED_FILE_DIR)/Pods-BookSeekerTests-checkManifestLockResult.txt",
			);
			runOnlyForDeploymentPostprocessing = 0;
			shellPath = /bin/sh;
			shellScript = "diff \"${PODS_PODFILE_DIR_PATH}/Podfile.lock\" \"${PODS_ROOT}/Manifest.lock\" > /dev/null\nif [ $? != 0 ] ; then\n    # print error to STDERR\n    echo \"error: The sandbox is not in sync with the Podfile.lock. Run 'pod install' or update your CocoaPods installation.\" >&2\n    exit 1\nfi\n# This output is used by Xcode 'outputs' to avoid re-running this script phase.\necho \"SUCCESS\" > \"${SCRIPT_OUTPUT_FILE_0}\"\n";
			showEnvVarsInLog = 0;
		};
		06F560EE8B6D048DD3D36D21 /* [CP] Check Pods Manifest.lock */ = {
			isa = PBXShellScriptBuildPhase;
			buildActionMask = 2147483647;
			files = (
			);
			inputFileListPaths = (
			);
			inputPaths = (
				"${PODS_PODFILE_DIR_PATH}/Podfile.lock",
				"${PODS_ROOT}/Manifest.lock",
			);
			name = "[CP] Check Pods Manifest.lock";
			outputFileListPaths = (
			);
			outputPaths = (
				"$(DERIVED_FILE_DIR)/Pods-BookSeeker-checkManifestLockResult.txt",
			);
			runOnlyForDeploymentPostprocessing = 0;
			shellPath = /bin/sh;
			shellScript = "diff \"${PODS_PODFILE_DIR_PATH}/Podfile.lock\" \"${PODS_ROOT}/Manifest.lock\" > /dev/null\nif [ $? != 0 ] ; then\n    # print error to STDERR\n    echo \"error: The sandbox is not in sync with the Podfile.lock. Run 'pod install' or update your CocoaPods installation.\" >&2\n    exit 1\nfi\n# This output is used by Xcode 'outputs' to avoid re-running this script phase.\necho \"SUCCESS\" > \"${SCRIPT_OUTPUT_FILE_0}\"\n";
			showEnvVarsInLog = 0;
		};
		3567B912552CDA437237E302 /* [CP] Embed Pods Frameworks */ = {
			isa = PBXShellScriptBuildPhase;
			buildActionMask = 2147483647;
			files = (
			);
			inputFileListPaths = (
				"${PODS_ROOT}/Target Support Files/Pods-BookSeeker/Pods-BookSeeker-frameworks-${CONFIGURATION}-input-files.xcfilelist",
			);
			name = "[CP] Embed Pods Frameworks";
			outputFileListPaths = (
				"${PODS_ROOT}/Target Support Files/Pods-BookSeeker/Pods-BookSeeker-frameworks-${CONFIGURATION}-output-files.xcfilelist",
			);
			runOnlyForDeploymentPostprocessing = 0;
			shellPath = /bin/sh;
			shellScript = "\"${PODS_ROOT}/Target Support Files/Pods-BookSeeker/Pods-BookSeeker-frameworks.sh\"\n";
			showEnvVarsInLog = 0;
		};
		563F519459FA3F2AEE606657 /* [CP] Check Pods Manifest.lock */ = {
			isa = PBXShellScriptBuildPhase;
			buildActionMask = 2147483647;
			files = (
			);
			inputFileListPaths = (
			);
			inputPaths = (
				"${PODS_PODFILE_DIR_PATH}/Podfile.lock",
				"${PODS_ROOT}/Manifest.lock",
			);
			name = "[CP] Check Pods Manifest.lock";
			outputFileListPaths = (
			);
			outputPaths = (
				"$(DERIVED_FILE_DIR)/Pods-BookSeekerPresenter-checkManifestLockResult.txt",
			);
			runOnlyForDeploymentPostprocessing = 0;
			shellPath = /bin/sh;
			shellScript = "diff \"${PODS_PODFILE_DIR_PATH}/Podfile.lock\" \"${PODS_ROOT}/Manifest.lock\" > /dev/null\nif [ $? != 0 ] ; then\n    # print error to STDERR\n    echo \"error: The sandbox is not in sync with the Podfile.lock. Run 'pod install' or update your CocoaPods installation.\" >&2\n    exit 1\nfi\n# This output is used by Xcode 'outputs' to avoid re-running this script phase.\necho \"SUCCESS\" > \"${SCRIPT_OUTPUT_FILE_0}\"\n";
			showEnvVarsInLog = 0;
		};
		868479D5AC7EF988C929BA53 /* [CP] Check Pods Manifest.lock */ = {
			isa = PBXShellScriptBuildPhase;
			buildActionMask = 2147483647;
			files = (
			);
			inputFileListPaths = (
			);
			inputPaths = (
				"${PODS_PODFILE_DIR_PATH}/Podfile.lock",
				"${PODS_ROOT}/Manifest.lock",
			);
			name = "[CP] Check Pods Manifest.lock";
			outputFileListPaths = (
			);
			outputPaths = (
				"$(DERIVED_FILE_DIR)/Pods-BookSeekerInfrastructure-checkManifestLockResult.txt",
			);
			runOnlyForDeploymentPostprocessing = 0;
			shellPath = /bin/sh;
			shellScript = "diff \"${PODS_PODFILE_DIR_PATH}/Podfile.lock\" \"${PODS_ROOT}/Manifest.lock\" > /dev/null\nif [ $? != 0 ] ; then\n    # print error to STDERR\n    echo \"error: The sandbox is not in sync with the Podfile.lock. Run 'pod install' or update your CocoaPods installation.\" >&2\n    exit 1\nfi\n# This output is used by Xcode 'outputs' to avoid re-running this script phase.\necho \"SUCCESS\" > \"${SCRIPT_OUTPUT_FILE_0}\"\n";
			showEnvVarsInLog = 0;
		};
		E99DCB1A1C725C572B2F7333 /* [CP] Embed Pods Frameworks */ = {
			isa = PBXShellScriptBuildPhase;
			buildActionMask = 2147483647;
			files = (
			);
			inputFileListPaths = (
				"${PODS_ROOT}/Target Support Files/Pods-BookSeekerTests/Pods-BookSeekerTests-frameworks-${CONFIGURATION}-input-files.xcfilelist",
			);
			name = "[CP] Embed Pods Frameworks";
			outputFileListPaths = (
				"${PODS_ROOT}/Target Support Files/Pods-BookSeekerTests/Pods-BookSeekerTests-frameworks-${CONFIGURATION}-output-files.xcfilelist",
			);
			runOnlyForDeploymentPostprocessing = 0;
			shellPath = /bin/sh;
			shellScript = "\"${PODS_ROOT}/Target Support Files/Pods-BookSeekerTests/Pods-BookSeekerTests-frameworks.sh\"\n";
			showEnvVarsInLog = 0;
		};
/* End PBXShellScriptBuildPhase section */

/* Begin PBXSourcesBuildPhase section */
		EC35EE132482EC95006FFACF /* Sources */ = {
			isa = PBXSourcesBuildPhase;
			buildActionMask = 2147483647;
			files = (
			);
			runOnlyForDeploymentPostprocessing = 0;
		};
		EC35EE1B2482EC95006FFACF /* Sources */ = {
			isa = PBXSourcesBuildPhase;
			buildActionMask = 2147483647;
			files = (
				EC35EE252482EC95006FFACF /* BookSeekerApplicationTests.swift in Sources */,
			);
			runOnlyForDeploymentPostprocessing = 0;
		};
		EC53B03A246CBFA100C9C6D1 /* Sources */ = {
			isa = PBXSourcesBuildPhase;
			buildActionMask = 2147483647;
			files = (
				EC83510D2490424E0052D5F6 /* BookSearchViewController.swift in Sources */,
				EC83510E2490424E0052D5F6 /* BookSearchViewModel.swift in Sources */,
				EC83510F2490424E0052D5F6 /* BookSearchView.swift in Sources */,
				EC8351102490424E0052D5F6 /* BookSearchViewControllerDelegate.swift in Sources */,
				EC83511D24904AEE0052D5F6 /* BookSearchDetailView.swift in Sources */,
				EC8351112490424E0052D5F6 /* BookSearchTextViewDelegate.swift in Sources */,
				EC83510B2490423B0052D5F6 /* BookSearchDetailViewController.swift in Sources */,
				EC83510C2490423B0052D5F6 /* BookSearchDetailViewModel.swift in Sources */,
				EC835108249042260052D5F6 /* BookSearchResultViewModel.swift in Sources */,
				EC835109249042260052D5F6 /* BookSearchResultViewController.swift in Sources */,
				EC83510A249042260052D5F6 /* BookCell.swift in Sources */,
				EC835107249042070052D5F6 /* CallbackTypes.swift in Sources */,
				EC835104249041F60052D5F6 /* UIViewAlertExtension.swift in Sources */,
				EC835105249041F60052D5F6 /* UIViewSafeArea.swift in Sources */,
				EC835106249041F60052D5F6 /* UICustomView.swift in Sources */,
			);
			runOnlyForDeploymentPostprocessing = 0;
		};
		EC53B042246CBFA100C9C6D1 /* Sources */ = {
			isa = PBXSourcesBuildPhase;
			buildActionMask = 2147483647;
			files = (
				EC53B04E246CBFA100C9C6D1 /* BookSeekerPresenterTests.swift in Sources */,
			);
			runOnlyForDeploymentPostprocessing = 0;
		};
		EC5B436D244911E600EC0E7B /* Sources */ = {
			isa = PBXSourcesBuildPhase;
			buildActionMask = 2147483647;
			files = (
				EC4CF8F3245A47A300948743 /* AppCoordinator.swift in Sources */,
				EC53DD38245CE5A500626E0C /* BookSeekerAssembler.swift in Sources */,
				EC53DD2E245CD73C00626E0C /* UseCaseAssembly.swift in Sources */,
				EC53DD32245CD86100626E0C /* ServiceAssembly.swift in Sources */,
				EC53DD30245CD7C700626E0C /* NetworkAssembly.swift in Sources */,
				EC5B4375244911E600EC0E7B /* AppDelegate.swift in Sources */,
				EC5B4377244911E600EC0E7B /* SceneDelegate.swift in Sources */,
			);
			runOnlyForDeploymentPostprocessing = 0;
		};
		EC5B4383244911EA00EC0E7B /* Sources */ = {
			isa = PBXSourcesBuildPhase;
			buildActionMask = 2147483647;
			files = (
				EC3E38B1244D0C4C009E533C /* BookSearchServiceIntegrationTests.swift in Sources */,
			);
			runOnlyForDeploymentPostprocessing = 0;
		};
		EC90198E24675CAE00BD662B /* Sources */ = {
			isa = PBXSourcesBuildPhase;
			buildActionMask = 2147483647;
			files = (
				EC8351162490459C0052D5F6 /* StringLocalizeExtension.swift in Sources */,
				EC488EDF2483245200EFF355 /* HttpGetService.swift in Sources */,
				EC35EE582482F77A006FFACF /* BookCompletion.swift in Sources */,
				EC488EE4248324EB00EFF355 /* BookResponse.swift in Sources */,
				EC488EE3248324EB00EFF355 /* Book.swift in Sources */,
				EC35EE112482EBF9006FFACF /* Model.swift in Sources */,
				EC488EE62483271000EFF355 /* RequestCompletion.swift in Sources */,
				EC35EE60248322DB006FFACF /* BookSearchService.swift in Sources */,
				EC35EDF32482D084006FFACF /* DomainError.swift in Sources */,
			);
			runOnlyForDeploymentPostprocessing = 0;
		};
		EC90199624675CAF00BD662B /* Sources */ = {
			isa = PBXSourcesBuildPhase;
			buildActionMask = 2147483647;
			files = (
				EC9019A024675CAF00BD662B /* BookSeekerDomainTests.swift in Sources */,
			);
			runOnlyForDeploymentPostprocessing = 0;
		};
		EC901A0D2467647300BD662B /* Sources */ = {
			isa = PBXSourcesBuildPhase;
			buildActionMask = 2147483647;
			files = (
				EC35EE432482EE70006FFACF /* AlamofireHttpGetService.swift in Sources */,
			);
			runOnlyForDeploymentPostprocessing = 0;
		};
		EC901A152467647300BD662B /* Sources */ = {
			isa = PBXSourcesBuildPhase;
			buildActionMask = 2147483647;
			files = (
				EC901A332467683E00BD662B /* AlamofireNetworkTests.swift in Sources */,
			);
			runOnlyForDeploymentPostprocessing = 0;
		};
/* End PBXSourcesBuildPhase section */

/* Begin PBXTargetDependency section */
		EC35EE0D2482DA00006FFACF /* PBXTargetDependency */ = {
			isa = PBXTargetDependency;
			target = EC90199124675CAE00BD662B /* BookSeekerDomain */;
			targetProxy = EC35EE0C2482DA00006FFACF /* PBXContainerItemProxy */;
		};
		EC35EE222482EC95006FFACF /* PBXTargetDependency */ = {
			isa = PBXTargetDependency;
			target = EC35EE162482EC95006FFACF /* BookSeekerApplication */;
			targetProxy = EC35EE212482EC95006FFACF /* PBXContainerItemProxy */;
		};
		EC35EE342482ECF1006FFACF /* PBXTargetDependency */ = {
			isa = PBXTargetDependency;
			target = EC90199124675CAE00BD662B /* BookSeekerDomain */;
			targetProxy = EC35EE332482ECF1006FFACF /* PBXContainerItemProxy */;
		};
		EC35EE382482ECF1006FFACF /* PBXTargetDependency */ = {
			isa = PBXTargetDependency;
			target = EC901A102467647300BD662B /* BookSeekerInfrastructure */;
			targetProxy = EC35EE372482ECF1006FFACF /* PBXContainerItemProxy */;
		};
		EC35EE3D2482EDB7006FFACF /* PBXTargetDependency */ = {
			isa = PBXTargetDependency;
			target = EC35EE162482EC95006FFACF /* BookSeekerApplication */;
			targetProxy = EC35EE3C2482EDB7006FFACF /* PBXContainerItemProxy */;
		};
		EC35EE412482EDC0006FFACF /* PBXTargetDependency */ = {
			isa = PBXTargetDependency;
			target = EC901A102467647300BD662B /* BookSeekerInfrastructure */;
			targetProxy = EC35EE402482EDC0006FFACF /* PBXContainerItemProxy */;
		};
		EC53B049246CBFA100C9C6D1 /* PBXTargetDependency */ = {
			isa = PBXTargetDependency;
			target = EC53B03D246CBFA100C9C6D1 /* BookSeekerPresenter */;
			targetProxy = EC53B048246CBFA100C9C6D1 /* PBXContainerItemProxy */;
		};
		EC53B04B246CBFA100C9C6D1 /* PBXTargetDependency */ = {
			isa = PBXTargetDependency;
			target = EC5B4370244911E600EC0E7B /* BookSeeker */;
			targetProxy = EC53B04A246CBFA100C9C6D1 /* PBXContainerItemProxy */;
		};
		EC5B4389244911EA00EC0E7B /* PBXTargetDependency */ = {
			isa = PBXTargetDependency;
			target = EC5B4370244911E600EC0E7B /* BookSeeker */;
			targetProxy = EC5B4388244911EA00EC0E7B /* PBXContainerItemProxy */;
		};
		EC8351152490429C0052D5F6 /* PBXTargetDependency */ = {
			isa = PBXTargetDependency;
			target = EC53B03D246CBFA100C9C6D1 /* BookSeekerPresenter */;
			targetProxy = EC8351142490429C0052D5F6 /* PBXContainerItemProxy */;
		};
		EC83511A249045C70052D5F6 /* PBXTargetDependency */ = {
			isa = PBXTargetDependency;
			platformFilter = ios;
			target = EC90199124675CAE00BD662B /* BookSeekerDomain */;
			targetProxy = EC835119249045C70052D5F6 /* PBXContainerItemProxy */;
		};
		EC90199D24675CAF00BD662B /* PBXTargetDependency */ = {
			isa = PBXTargetDependency;
			target = EC90199124675CAE00BD662B /* BookSeekerDomain */;
			targetProxy = EC90199C24675CAF00BD662B /* PBXContainerItemProxy */;
		};
		EC901A1C2467647300BD662B /* PBXTargetDependency */ = {
			isa = PBXTargetDependency;
			target = EC901A102467647300BD662B /* BookSeekerInfrastructure */;
			targetProxy = EC901A1B2467647300BD662B /* PBXContainerItemProxy */;
		};
		EC901A312467678F00BD662B /* PBXTargetDependency */ = {
			isa = PBXTargetDependency;
			target = EC90199124675CAE00BD662B /* BookSeekerDomain */;
			targetProxy = EC901A302467678F00BD662B /* PBXContainerItemProxy */;
		};
/* End PBXTargetDependency section */

/* Begin PBXVariantGroup section */
		EC5B437F244911EA00EC0E7B /* LaunchScreen.storyboard */ = {
			isa = PBXVariantGroup;
			children = (
				EC5B4380244911EA00EC0E7B /* Base */,
				ECFA07AC2454F0AD000FBFF4 /* pt-BR */,
			);
			name = LaunchScreen.storyboard;
			sourceTree = "<group>";
		};
		ECFA07B32454F29D000FBFF4 /* Localizable.strings */ = {
			isa = PBXVariantGroup;
			children = (
				ECFA07B42454F2B2000FBFF4 /* pt-BR */,
				ECFA07B52454F2B5000FBFF4 /* en */,
			);
			name = Localizable.strings;
			sourceTree = "<group>";
		};
/* End PBXVariantGroup section */

/* Begin XCBuildConfiguration section */
		EC35EE292482EC95006FFACF /* Debug */ = {
			isa = XCBuildConfiguration;
			buildSettings = {
				CODE_SIGN_STYLE = Automatic;
				CURRENT_PROJECT_VERSION = 1;
				DEFINES_MODULE = YES;
				DEVELOPMENT_TEAM = V7U57L9B68;
				DYLIB_COMPATIBILITY_VERSION = 1;
				DYLIB_CURRENT_VERSION = 1;
				DYLIB_INSTALL_NAME_BASE = "@rpath";
				INFOPLIST_FILE = BookSeekerApplication/Info.plist;
				INSTALL_PATH = "$(LOCAL_LIBRARY_DIR)/Frameworks";
				LD_RUNPATH_SEARCH_PATHS = (
					"$(inherited)",
					"@executable_path/Frameworks",
					"@loader_path/Frameworks",
				);
				PRODUCT_BUNDLE_IDENTIFIER = com.br.codeofthings.dogage.BookSeekerApplication;
				PRODUCT_NAME = "$(TARGET_NAME:c99extidentifier)";
				SKIP_INSTALL = YES;
				SWIFT_VERSION = 5.0;
				TARGETED_DEVICE_FAMILY = "1,2";
				VERSIONING_SYSTEM = "apple-generic";
				VERSION_INFO_PREFIX = "";
			};
			name = Debug;
		};
		EC35EE2A2482EC95006FFACF /* Release */ = {
			isa = XCBuildConfiguration;
			buildSettings = {
				CODE_SIGN_STYLE = Automatic;
				CURRENT_PROJECT_VERSION = 1;
				DEFINES_MODULE = YES;
				DEVELOPMENT_TEAM = V7U57L9B68;
				DYLIB_COMPATIBILITY_VERSION = 1;
				DYLIB_CURRENT_VERSION = 1;
				DYLIB_INSTALL_NAME_BASE = "@rpath";
				INFOPLIST_FILE = BookSeekerApplication/Info.plist;
				INSTALL_PATH = "$(LOCAL_LIBRARY_DIR)/Frameworks";
				LD_RUNPATH_SEARCH_PATHS = (
					"$(inherited)",
					"@executable_path/Frameworks",
					"@loader_path/Frameworks",
				);
				PRODUCT_BUNDLE_IDENTIFIER = com.br.codeofthings.dogage.BookSeekerApplication;
				PRODUCT_NAME = "$(TARGET_NAME:c99extidentifier)";
				SKIP_INSTALL = YES;
				SWIFT_VERSION = 5.0;
				TARGETED_DEVICE_FAMILY = "1,2";
				VERSIONING_SYSTEM = "apple-generic";
				VERSION_INFO_PREFIX = "";
			};
			name = Release;
		};
		EC35EE2C2482EC95006FFACF /* Debug */ = {
			isa = XCBuildConfiguration;
			buildSettings = {
				CODE_SIGN_STYLE = Automatic;
				DEVELOPMENT_TEAM = V7U57L9B68;
				INFOPLIST_FILE = BookSeekerApplicationTests/Info.plist;
				LD_RUNPATH_SEARCH_PATHS = (
					"$(inherited)",
					"@executable_path/Frameworks",
					"@loader_path/Frameworks",
				);
				PRODUCT_BUNDLE_IDENTIFIER = com.br.codeofthings.dogage.BookSeekerApplicationTests;
				PRODUCT_NAME = "$(TARGET_NAME)";
				SWIFT_VERSION = 5.0;
				TARGETED_DEVICE_FAMILY = "1,2";
			};
			name = Debug;
		};
		EC35EE2D2482EC95006FFACF /* Release */ = {
			isa = XCBuildConfiguration;
			buildSettings = {
				CODE_SIGN_STYLE = Automatic;
				DEVELOPMENT_TEAM = V7U57L9B68;
				INFOPLIST_FILE = BookSeekerApplicationTests/Info.plist;
				LD_RUNPATH_SEARCH_PATHS = (
					"$(inherited)",
					"@executable_path/Frameworks",
					"@loader_path/Frameworks",
				);
				PRODUCT_BUNDLE_IDENTIFIER = com.br.codeofthings.dogage.BookSeekerApplicationTests;
				PRODUCT_NAME = "$(TARGET_NAME)";
				SWIFT_VERSION = 5.0;
				TARGETED_DEVICE_FAMILY = "1,2";
			};
			name = Release;
		};
		EC53B055246CBFA100C9C6D1 /* Debug */ = {
			isa = XCBuildConfiguration;
			baseConfigurationReference = 57B09DA1A70D7E8D102A9174 /* Pods-BookSeekerPresenter.debug.xcconfig */;
			buildSettings = {
				CODE_SIGN_STYLE = Automatic;
				CURRENT_PROJECT_VERSION = 1;
				DEFINES_MODULE = YES;
				DEVELOPMENT_TEAM = V7U57L9B68;
				DYLIB_COMPATIBILITY_VERSION = 1;
				DYLIB_CURRENT_VERSION = 1;
				DYLIB_INSTALL_NAME_BASE = "@rpath";
				INFOPLIST_FILE = BookSeekerPresenter/Info.plist;
				INSTALL_PATH = "$(LOCAL_LIBRARY_DIR)/Frameworks";
				LD_RUNPATH_SEARCH_PATHS = (
					"$(inherited)",
					"@executable_path/Frameworks",
					"@loader_path/Frameworks",
				);
				PRODUCT_BUNDLE_IDENTIFIER = com.br.codeofthings.dogage.BookSeekerPresenter;
				PRODUCT_NAME = "$(TARGET_NAME:c99extidentifier)";
				SKIP_INSTALL = YES;
				SWIFT_VERSION = 5.0;
				TARGETED_DEVICE_FAMILY = "1,2";
				VERSIONING_SYSTEM = "apple-generic";
				VERSION_INFO_PREFIX = "";
			};
			name = Debug;
		};
		EC53B056246CBFA100C9C6D1 /* Release */ = {
			isa = XCBuildConfiguration;
			baseConfigurationReference = 385DE687ED3EFA7BAAEFBF85 /* Pods-BookSeekerPresenter.release.xcconfig */;
			buildSettings = {
				CODE_SIGN_STYLE = Automatic;
				CURRENT_PROJECT_VERSION = 1;
				DEFINES_MODULE = YES;
				DEVELOPMENT_TEAM = V7U57L9B68;
				DYLIB_COMPATIBILITY_VERSION = 1;
				DYLIB_CURRENT_VERSION = 1;
				DYLIB_INSTALL_NAME_BASE = "@rpath";
				INFOPLIST_FILE = BookSeekerPresenter/Info.plist;
				INSTALL_PATH = "$(LOCAL_LIBRARY_DIR)/Frameworks";
				LD_RUNPATH_SEARCH_PATHS = (
					"$(inherited)",
					"@executable_path/Frameworks",
					"@loader_path/Frameworks",
				);
				PRODUCT_BUNDLE_IDENTIFIER = com.br.codeofthings.dogage.BookSeekerPresenter;
				PRODUCT_NAME = "$(TARGET_NAME:c99extidentifier)";
				SKIP_INSTALL = YES;
				SWIFT_VERSION = 5.0;
				TARGETED_DEVICE_FAMILY = "1,2";
				VERSIONING_SYSTEM = "apple-generic";
				VERSION_INFO_PREFIX = "";
			};
			name = Release;
		};
		EC53B057246CBFA100C9C6D1 /* Debug */ = {
			isa = XCBuildConfiguration;
			buildSettings = {
				ALWAYS_EMBED_SWIFT_STANDARD_LIBRARIES = YES;
				CODE_SIGN_STYLE = Automatic;
				DEVELOPMENT_TEAM = V7U57L9B68;
				INFOPLIST_FILE = BookSeekerPresenterTests/Info.plist;
				LD_RUNPATH_SEARCH_PATHS = (
					"$(inherited)",
					"@executable_path/Frameworks",
					"@loader_path/Frameworks",
				);
				PRODUCT_BUNDLE_IDENTIFIER = com.br.codeofthings.dogage.BookSeekerPresenterTests;
				PRODUCT_NAME = "$(TARGET_NAME)";
				SWIFT_VERSION = 5.0;
				TARGETED_DEVICE_FAMILY = "1,2";
				TEST_HOST = "$(BUILT_PRODUCTS_DIR)/BookSeeker.app/BookSeeker";
			};
			name = Debug;
		};
		EC53B058246CBFA100C9C6D1 /* Release */ = {
			isa = XCBuildConfiguration;
			buildSettings = {
				ALWAYS_EMBED_SWIFT_STANDARD_LIBRARIES = YES;
				CODE_SIGN_STYLE = Automatic;
				DEVELOPMENT_TEAM = V7U57L9B68;
				INFOPLIST_FILE = BookSeekerPresenterTests/Info.plist;
				LD_RUNPATH_SEARCH_PATHS = (
					"$(inherited)",
					"@executable_path/Frameworks",
					"@loader_path/Frameworks",
				);
				PRODUCT_BUNDLE_IDENTIFIER = com.br.codeofthings.dogage.BookSeekerPresenterTests;
				PRODUCT_NAME = "$(TARGET_NAME)";
				SWIFT_VERSION = 5.0;
				TARGETED_DEVICE_FAMILY = "1,2";
				TEST_HOST = "$(BUILT_PRODUCTS_DIR)/BookSeeker.app/BookSeeker";
			};
			name = Release;
		};
		EC5B4399244911EA00EC0E7B /* Debug */ = {
			isa = XCBuildConfiguration;
			buildSettings = {
				ALWAYS_SEARCH_USER_PATHS = NO;
				CLANG_ANALYZER_LOCALIZABILITY_NONLOCALIZED = YES;
				CLANG_ANALYZER_NONNULL = YES;
				CLANG_ANALYZER_NUMBER_OBJECT_CONVERSION = YES_AGGRESSIVE;
				CLANG_CXX_LANGUAGE_STANDARD = "gnu++14";
				CLANG_CXX_LIBRARY = "libc++";
				CLANG_ENABLE_MODULES = YES;
				CLANG_ENABLE_OBJC_ARC = YES;
				CLANG_ENABLE_OBJC_WEAK = YES;
				CLANG_WARN_BLOCK_CAPTURE_AUTORELEASING = YES;
				CLANG_WARN_BOOL_CONVERSION = YES;
				CLANG_WARN_COMMA = YES;
				CLANG_WARN_CONSTANT_CONVERSION = YES;
				CLANG_WARN_DEPRECATED_OBJC_IMPLEMENTATIONS = YES;
				CLANG_WARN_DIRECT_OBJC_ISA_USAGE = YES_ERROR;
				CLANG_WARN_DOCUMENTATION_COMMENTS = YES;
				CLANG_WARN_EMPTY_BODY = YES;
				CLANG_WARN_ENUM_CONVERSION = YES;
				CLANG_WARN_INFINITE_RECURSION = YES;
				CLANG_WARN_INT_CONVERSION = YES;
				CLANG_WARN_NON_LITERAL_NULL_CONVERSION = YES;
				CLANG_WARN_OBJC_IMPLICIT_RETAIN_SELF = YES;
				CLANG_WARN_OBJC_LITERAL_CONVERSION = YES;
				CLANG_WARN_OBJC_ROOT_CLASS = YES_ERROR;
				CLANG_WARN_RANGE_LOOP_ANALYSIS = YES;
				CLANG_WARN_STRICT_PROTOTYPES = YES;
				CLANG_WARN_SUSPICIOUS_MOVE = YES;
				CLANG_WARN_UNGUARDED_AVAILABILITY = YES_AGGRESSIVE;
				CLANG_WARN_UNREACHABLE_CODE = YES;
				CLANG_WARN__DUPLICATE_METHOD_MATCH = YES;
				COPY_PHASE_STRIP = NO;
				DEBUG_INFORMATION_FORMAT = dwarf;
				ENABLE_STRICT_OBJC_MSGSEND = YES;
				ENABLE_TESTABILITY = YES;
				GCC_C_LANGUAGE_STANDARD = gnu11;
				GCC_DYNAMIC_NO_PIC = NO;
				GCC_NO_COMMON_BLOCKS = YES;
				GCC_OPTIMIZATION_LEVEL = 0;
				GCC_PREPROCESSOR_DEFINITIONS = (
					"DEBUG=1",
					"$(inherited)",
				);
				GCC_WARN_64_TO_32_BIT_CONVERSION = YES;
				GCC_WARN_ABOUT_RETURN_TYPE = YES_ERROR;
				GCC_WARN_UNDECLARED_SELECTOR = YES;
				GCC_WARN_UNINITIALIZED_AUTOS = YES_AGGRESSIVE;
				GCC_WARN_UNUSED_FUNCTION = YES;
				GCC_WARN_UNUSED_VARIABLE = YES;
				IPHONEOS_DEPLOYMENT_TARGET = 13.2;
				MTL_ENABLE_DEBUG_INFO = INCLUDE_SOURCE;
				MTL_FAST_MATH = YES;
				ONLY_ACTIVE_ARCH = YES;
				SDKROOT = iphoneos;
				SWIFT_ACTIVE_COMPILATION_CONDITIONS = DEBUG;
				SWIFT_OPTIMIZATION_LEVEL = "-Onone";
			};
			name = Debug;
		};
		EC5B439A244911EA00EC0E7B /* Release */ = {
			isa = XCBuildConfiguration;
			buildSettings = {
				ALWAYS_SEARCH_USER_PATHS = NO;
				CLANG_ANALYZER_LOCALIZABILITY_NONLOCALIZED = YES;
				CLANG_ANALYZER_NONNULL = YES;
				CLANG_ANALYZER_NUMBER_OBJECT_CONVERSION = YES_AGGRESSIVE;
				CLANG_CXX_LANGUAGE_STANDARD = "gnu++14";
				CLANG_CXX_LIBRARY = "libc++";
				CLANG_ENABLE_MODULES = YES;
				CLANG_ENABLE_OBJC_ARC = YES;
				CLANG_ENABLE_OBJC_WEAK = YES;
				CLANG_WARN_BLOCK_CAPTURE_AUTORELEASING = YES;
				CLANG_WARN_BOOL_CONVERSION = YES;
				CLANG_WARN_COMMA = YES;
				CLANG_WARN_CONSTANT_CONVERSION = YES;
				CLANG_WARN_DEPRECATED_OBJC_IMPLEMENTATIONS = YES;
				CLANG_WARN_DIRECT_OBJC_ISA_USAGE = YES_ERROR;
				CLANG_WARN_DOCUMENTATION_COMMENTS = YES;
				CLANG_WARN_EMPTY_BODY = YES;
				CLANG_WARN_ENUM_CONVERSION = YES;
				CLANG_WARN_INFINITE_RECURSION = YES;
				CLANG_WARN_INT_CONVERSION = YES;
				CLANG_WARN_NON_LITERAL_NULL_CONVERSION = YES;
				CLANG_WARN_OBJC_IMPLICIT_RETAIN_SELF = YES;
				CLANG_WARN_OBJC_LITERAL_CONVERSION = YES;
				CLANG_WARN_OBJC_ROOT_CLASS = YES_ERROR;
				CLANG_WARN_RANGE_LOOP_ANALYSIS = YES;
				CLANG_WARN_STRICT_PROTOTYPES = YES;
				CLANG_WARN_SUSPICIOUS_MOVE = YES;
				CLANG_WARN_UNGUARDED_AVAILABILITY = YES_AGGRESSIVE;
				CLANG_WARN_UNREACHABLE_CODE = YES;
				CLANG_WARN__DUPLICATE_METHOD_MATCH = YES;
				COPY_PHASE_STRIP = NO;
				DEBUG_INFORMATION_FORMAT = "dwarf-with-dsym";
				ENABLE_NS_ASSERTIONS = NO;
				ENABLE_STRICT_OBJC_MSGSEND = YES;
				GCC_C_LANGUAGE_STANDARD = gnu11;
				GCC_NO_COMMON_BLOCKS = YES;
				GCC_WARN_64_TO_32_BIT_CONVERSION = YES;
				GCC_WARN_ABOUT_RETURN_TYPE = YES_ERROR;
				GCC_WARN_UNDECLARED_SELECTOR = YES;
				GCC_WARN_UNINITIALIZED_AUTOS = YES_AGGRESSIVE;
				GCC_WARN_UNUSED_FUNCTION = YES;
				GCC_WARN_UNUSED_VARIABLE = YES;
				IPHONEOS_DEPLOYMENT_TARGET = 13.2;
				MTL_ENABLE_DEBUG_INFO = NO;
				MTL_FAST_MATH = YES;
				SDKROOT = iphoneos;
				SWIFT_COMPILATION_MODE = wholemodule;
				SWIFT_OPTIMIZATION_LEVEL = "-O";
				VALIDATE_PRODUCT = YES;
			};
			name = Release;
		};
		EC5B439C244911EA00EC0E7B /* Debug */ = {
			isa = XCBuildConfiguration;
			baseConfigurationReference = 3E6AC713820FF92D48E170E7 /* Pods-BookSeeker.debug.xcconfig */;
			buildSettings = {
				ALWAYS_EMBED_SWIFT_STANDARD_LIBRARIES = YES;
				ASSETCATALOG_COMPILER_APPICON_NAME = AppIcon;
				CODE_SIGN_STYLE = Automatic;
				DEVELOPMENT_TEAM = V7U57L9B68;
				INFOPLIST_FILE = BookSeeker/Info.plist;
				LD_RUNPATH_SEARCH_PATHS = (
					"$(inherited)",
					"@executable_path/Frameworks",
				);
				PRODUCT_BUNDLE_IDENTIFIER = com.br.codeofthings.dogage.BookSeeker;
				PRODUCT_NAME = "$(TARGET_NAME)";
				SWIFT_VERSION = 5.0;
				TARGETED_DEVICE_FAMILY = "1,2";
			};
			name = Debug;
		};
		EC5B439D244911EA00EC0E7B /* Release */ = {
			isa = XCBuildConfiguration;
			baseConfigurationReference = 93DCA9FC93B824D24B5AFCBB /* Pods-BookSeeker.release.xcconfig */;
			buildSettings = {
				ALWAYS_EMBED_SWIFT_STANDARD_LIBRARIES = YES;
				ASSETCATALOG_COMPILER_APPICON_NAME = AppIcon;
				CODE_SIGN_STYLE = Automatic;
				DEVELOPMENT_TEAM = V7U57L9B68;
				INFOPLIST_FILE = BookSeeker/Info.plist;
				LD_RUNPATH_SEARCH_PATHS = (
					"$(inherited)",
					"@executable_path/Frameworks",
				);
				PRODUCT_BUNDLE_IDENTIFIER = com.br.codeofthings.dogage.BookSeeker;
				PRODUCT_NAME = "$(TARGET_NAME)";
				SWIFT_VERSION = 5.0;
				TARGETED_DEVICE_FAMILY = "1,2";
			};
			name = Release;
		};
		EC5B439F244911EA00EC0E7B /* Debug */ = {
			isa = XCBuildConfiguration;
			baseConfigurationReference = CC7C3AD26BFE6025BFC0B4D0 /* Pods-BookSeekerTests.debug.xcconfig */;
			buildSettings = {
				ALWAYS_EMBED_SWIFT_STANDARD_LIBRARIES = YES;
				BUNDLE_LOADER = "$(TEST_HOST)";
				CODE_SIGN_STYLE = Automatic;
				DEVELOPMENT_TEAM = V7U57L9B68;
				INFOPLIST_FILE = BookSeekerTests/Info.plist;
				IPHONEOS_DEPLOYMENT_TARGET = 13.2;
				LD_RUNPATH_SEARCH_PATHS = (
					"$(inherited)",
					"@executable_path/Frameworks",
					"@loader_path/Frameworks",
				);
				PRODUCT_BUNDLE_IDENTIFIER = com.br.codeofthings.dogage.BookSeekerTests;
				PRODUCT_NAME = "$(TARGET_NAME)";
				SWIFT_VERSION = 5.0;
				TARGETED_DEVICE_FAMILY = "1,2";
				TEST_HOST = "$(BUILT_PRODUCTS_DIR)/BookSeeker.app/BookSeeker";
				"TEST_HOST[sdk=*]" = "$(BUILT_PRODUCTS_DIR)/BookSeeker.app/BookSeeker";
			};
			name = Debug;
		};
		EC5B43A0244911EA00EC0E7B /* Release */ = {
			isa = XCBuildConfiguration;
			baseConfigurationReference = B6457D06F4611A3219B31560 /* Pods-BookSeekerTests.release.xcconfig */;
			buildSettings = {
				ALWAYS_EMBED_SWIFT_STANDARD_LIBRARIES = YES;
				BUNDLE_LOADER = "$(TEST_HOST)";
				CODE_SIGN_STYLE = Automatic;
				DEVELOPMENT_TEAM = V7U57L9B68;
				INFOPLIST_FILE = BookSeekerTests/Info.plist;
				IPHONEOS_DEPLOYMENT_TARGET = 13.2;
				LD_RUNPATH_SEARCH_PATHS = (
					"$(inherited)",
					"@executable_path/Frameworks",
					"@loader_path/Frameworks",
				);
				PRODUCT_BUNDLE_IDENTIFIER = com.br.codeofthings.dogage.BookSeekerTests;
				PRODUCT_NAME = "$(TARGET_NAME)";
				SWIFT_VERSION = 5.0;
				TARGETED_DEVICE_FAMILY = "1,2";
				TEST_HOST = "$(BUILT_PRODUCTS_DIR)/BookSeeker.app/BookSeeker";
			};
			name = Release;
		};
		EC9019A324675CAF00BD662B /* Debug */ = {
			isa = XCBuildConfiguration;
			buildSettings = {
				CLANG_ENABLE_MODULES = YES;
				CODE_SIGN_STYLE = Automatic;
				COMBINE_HIDPI_IMAGES = YES;
				CURRENT_PROJECT_VERSION = 1;
				DEFINES_MODULE = YES;
				DERIVE_MACCATALYST_PRODUCT_BUNDLE_IDENTIFIER = NO;
				DEVELOPMENT_TEAM = V7U57L9B68;
				DYLIB_COMPATIBILITY_VERSION = 1;
				DYLIB_CURRENT_VERSION = 1;
				DYLIB_INSTALL_NAME_BASE = "@rpath";
				INFOPLIST_FILE = BookSeekerDomain/Info.plist;
				INSTALL_PATH = "$(LOCAL_LIBRARY_DIR)/Frameworks";
				LD_RUNPATH_SEARCH_PATHS = (
					"$(inherited)",
					"@executable_path/../Frameworks",
					"@loader_path/Frameworks",
				);
				MACOSX_DEPLOYMENT_TARGET = 10.15;
				PRODUCT_BUNDLE_IDENTIFIER = com.br.codeofthings.dogage.BookSeekerDomain;
				PRODUCT_NAME = "$(TARGET_NAME:c99extidentifier)";
				SDKROOT = iphoneos;
				SKIP_INSTALL = YES;
				SUPPORTS_MACCATALYST = NO;
				SWIFT_OPTIMIZATION_LEVEL = "-Onone";
				SWIFT_VERSION = 5.0;
				VERSIONING_SYSTEM = "apple-generic";
				VERSION_INFO_PREFIX = "";
			};
			name = Debug;
		};
		EC9019A424675CAF00BD662B /* Release */ = {
			isa = XCBuildConfiguration;
			buildSettings = {
				CLANG_ENABLE_MODULES = YES;
				CODE_SIGN_STYLE = Automatic;
				COMBINE_HIDPI_IMAGES = YES;
				CURRENT_PROJECT_VERSION = 1;
				DEFINES_MODULE = YES;
				DERIVE_MACCATALYST_PRODUCT_BUNDLE_IDENTIFIER = NO;
				DEVELOPMENT_TEAM = V7U57L9B68;
				DYLIB_COMPATIBILITY_VERSION = 1;
				DYLIB_CURRENT_VERSION = 1;
				DYLIB_INSTALL_NAME_BASE = "@rpath";
				INFOPLIST_FILE = BookSeekerDomain/Info.plist;
				INSTALL_PATH = "$(LOCAL_LIBRARY_DIR)/Frameworks";
				LD_RUNPATH_SEARCH_PATHS = (
					"$(inherited)",
					"@executable_path/../Frameworks",
					"@loader_path/Frameworks",
				);
				MACOSX_DEPLOYMENT_TARGET = 10.15;
				PRODUCT_BUNDLE_IDENTIFIER = com.br.codeofthings.dogage.BookSeekerDomain;
				PRODUCT_NAME = "$(TARGET_NAME:c99extidentifier)";
				SDKROOT = iphoneos;
				SKIP_INSTALL = YES;
				SUPPORTS_MACCATALYST = NO;
				SWIFT_VERSION = 5.0;
				VERSIONING_SYSTEM = "apple-generic";
				VERSION_INFO_PREFIX = "";
			};
			name = Release;
		};
		EC9019A524675CAF00BD662B /* Debug */ = {
			isa = XCBuildConfiguration;
			buildSettings = {
				ALWAYS_EMBED_SWIFT_STANDARD_LIBRARIES = YES;
				CODE_SIGN_STYLE = Automatic;
				COMBINE_HIDPI_IMAGES = YES;
				DEVELOPMENT_TEAM = V7U57L9B68;
				INFOPLIST_FILE = BookSeekerDomainTests/Info.plist;
				LD_RUNPATH_SEARCH_PATHS = (
					"$(inherited)",
					"@executable_path/../Frameworks",
					"@loader_path/../Frameworks",
				);
				MACOSX_DEPLOYMENT_TARGET = 10.15;
				PRODUCT_BUNDLE_IDENTIFIER = com.br.codeofthings.dogage.BookSeekerDomainTests;
				PRODUCT_NAME = "$(TARGET_NAME)";
				SDKROOT = macosx;
				SWIFT_VERSION = 5.0;
			};
			name = Debug;
		};
		EC9019A624675CAF00BD662B /* Release */ = {
			isa = XCBuildConfiguration;
			buildSettings = {
				ALWAYS_EMBED_SWIFT_STANDARD_LIBRARIES = YES;
				CODE_SIGN_STYLE = Automatic;
				COMBINE_HIDPI_IMAGES = YES;
				DEVELOPMENT_TEAM = V7U57L9B68;
				INFOPLIST_FILE = BookSeekerDomainTests/Info.plist;
				LD_RUNPATH_SEARCH_PATHS = (
					"$(inherited)",
					"@executable_path/../Frameworks",
					"@loader_path/../Frameworks",
				);
				MACOSX_DEPLOYMENT_TARGET = 10.15;
				PRODUCT_BUNDLE_IDENTIFIER = com.br.codeofthings.dogage.BookSeekerDomainTests;
				PRODUCT_NAME = "$(TARGET_NAME)";
				SDKROOT = macosx;
				SWIFT_VERSION = 5.0;
			};
			name = Release;
		};
		EC901A232467647300BD662B /* Debug */ = {
			isa = XCBuildConfiguration;
			baseConfigurationReference = 3C1D1A213E426863857E1374 /* Pods-BookSeekerInfrastructure.debug.xcconfig */;
			buildSettings = {
				CODE_SIGN_STYLE = Automatic;
				COMBINE_HIDPI_IMAGES = YES;
				CURRENT_PROJECT_VERSION = 1;
				DEFINES_MODULE = YES;
				DERIVE_MACCATALYST_PRODUCT_BUNDLE_IDENTIFIER = NO;
				DEVELOPMENT_TEAM = V7U57L9B68;
				DYLIB_COMPATIBILITY_VERSION = 1;
				DYLIB_CURRENT_VERSION = 1;
				DYLIB_INSTALL_NAME_BASE = "@rpath";
				INFOPLIST_FILE = BookSeekerInfrastructure/Info.plist;
				INSTALL_PATH = "$(LOCAL_LIBRARY_DIR)/Frameworks";
				LD_RUNPATH_SEARCH_PATHS = (
					"$(inherited)",
					"@executable_path/../Frameworks",
					"@loader_path/Frameworks",
				);
				MACOSX_DEPLOYMENT_TARGET = 10.15;
				PRODUCT_BUNDLE_IDENTIFIER = com.br.codeofthings.dogage.BookSeekerInfrastructure;
				PRODUCT_NAME = "$(TARGET_NAME:c99extidentifier)";
				SDKROOT = iphoneos;
				SKIP_INSTALL = YES;
				SUPPORTS_MACCATALYST = NO;
				SWIFT_VERSION = 5.0;
				VERSIONING_SYSTEM = "apple-generic";
				VERSION_INFO_PREFIX = "";
			};
			name = Debug;
		};
		EC901A242467647300BD662B /* Release */ = {
			isa = XCBuildConfiguration;
			baseConfigurationReference = 6F75F2ADFA5278EECEBBE690 /* Pods-BookSeekerInfrastructure.release.xcconfig */;
			buildSettings = {
				CODE_SIGN_STYLE = Automatic;
				COMBINE_HIDPI_IMAGES = YES;
				CURRENT_PROJECT_VERSION = 1;
				DEFINES_MODULE = YES;
				DERIVE_MACCATALYST_PRODUCT_BUNDLE_IDENTIFIER = NO;
				DEVELOPMENT_TEAM = V7U57L9B68;
				DYLIB_COMPATIBILITY_VERSION = 1;
				DYLIB_CURRENT_VERSION = 1;
				DYLIB_INSTALL_NAME_BASE = "@rpath";
				INFOPLIST_FILE = BookSeekerInfrastructure/Info.plist;
				INSTALL_PATH = "$(LOCAL_LIBRARY_DIR)/Frameworks";
				LD_RUNPATH_SEARCH_PATHS = (
					"$(inherited)",
					"@executable_path/../Frameworks",
					"@loader_path/Frameworks",
				);
				MACOSX_DEPLOYMENT_TARGET = 10.15;
				PRODUCT_BUNDLE_IDENTIFIER = com.br.codeofthings.dogage.BookSeekerInfrastructure;
				PRODUCT_NAME = "$(TARGET_NAME:c99extidentifier)";
				SDKROOT = iphoneos;
				SKIP_INSTALL = YES;
				SUPPORTS_MACCATALYST = NO;
				SWIFT_VERSION = 5.0;
				VERSIONING_SYSTEM = "apple-generic";
				VERSION_INFO_PREFIX = "";
			};
			name = Release;
		};
		EC901A262467647300BD662B /* Debug */ = {
			isa = XCBuildConfiguration;
			buildSettings = {
				ALWAYS_EMBED_SWIFT_STANDARD_LIBRARIES = YES;
				CODE_SIGN_STYLE = Automatic;
				COMBINE_HIDPI_IMAGES = YES;
				DEVELOPMENT_TEAM = V7U57L9B68;
				INFOPLIST_FILE = BookSeekerInfrastructureTests/Info.plist;
				LD_RUNPATH_SEARCH_PATHS = (
					"$(inherited)",
					"@executable_path/../Frameworks",
					"@loader_path/../Frameworks",
				);
				MACOSX_DEPLOYMENT_TARGET = 10.15;
				PRODUCT_BUNDLE_IDENTIFIER = com.br.codeofthings.dogage.BookSeekerInfrastructureTests;
				PRODUCT_NAME = "$(TARGET_NAME)";
				SDKROOT = macosx;
				SWIFT_VERSION = 5.0;
			};
			name = Debug;
		};
		EC901A272467647300BD662B /* Release */ = {
			isa = XCBuildConfiguration;
			buildSettings = {
				ALWAYS_EMBED_SWIFT_STANDARD_LIBRARIES = YES;
				CODE_SIGN_STYLE = Automatic;
				COMBINE_HIDPI_IMAGES = YES;
				DEVELOPMENT_TEAM = V7U57L9B68;
				INFOPLIST_FILE = BookSeekerInfrastructureTests/Info.plist;
				LD_RUNPATH_SEARCH_PATHS = (
					"$(inherited)",
					"@executable_path/../Frameworks",
					"@loader_path/../Frameworks",
				);
				MACOSX_DEPLOYMENT_TARGET = 10.15;
				PRODUCT_BUNDLE_IDENTIFIER = com.br.codeofthings.dogage.BookSeekerInfrastructureTests;
				PRODUCT_NAME = "$(TARGET_NAME)";
				SDKROOT = macosx;
				SWIFT_VERSION = 5.0;
			};
			name = Release;
		};
/* End XCBuildConfiguration section */

/* Begin XCConfigurationList section */
		EC35EE282482EC95006FFACF /* Build configuration list for PBXNativeTarget "BookSeekerApplication" */ = {
			isa = XCConfigurationList;
			buildConfigurations = (
				EC35EE292482EC95006FFACF /* Debug */,
				EC35EE2A2482EC95006FFACF /* Release */,
			);
			defaultConfigurationIsVisible = 0;
			defaultConfigurationName = Release;
		};
		EC35EE2B2482EC95006FFACF /* Build configuration list for PBXNativeTarget "BookSeekerApplicationTests" */ = {
			isa = XCConfigurationList;
			buildConfigurations = (
				EC35EE2C2482EC95006FFACF /* Debug */,
				EC35EE2D2482EC95006FFACF /* Release */,
			);
			defaultConfigurationIsVisible = 0;
			defaultConfigurationName = Release;
		};
		EC53B059246CBFA100C9C6D1 /* Build configuration list for PBXNativeTarget "BookSeekerPresenter" */ = {
			isa = XCConfigurationList;
			buildConfigurations = (
				EC53B055246CBFA100C9C6D1 /* Debug */,
				EC53B056246CBFA100C9C6D1 /* Release */,
			);
			defaultConfigurationIsVisible = 0;
			defaultConfigurationName = Release;
		};
		EC53B05A246CBFA100C9C6D1 /* Build configuration list for PBXNativeTarget "BookSeekerPresenterTests" */ = {
			isa = XCConfigurationList;
			buildConfigurations = (
				EC53B057246CBFA100C9C6D1 /* Debug */,
				EC53B058246CBFA100C9C6D1 /* Release */,
			);
			defaultConfigurationIsVisible = 0;
			defaultConfigurationName = Release;
		};
		EC5B436C244911E600EC0E7B /* Build configuration list for PBXProject "BookSeeker" */ = {
			isa = XCConfigurationList;
			buildConfigurations = (
				EC5B4399244911EA00EC0E7B /* Debug */,
				EC5B439A244911EA00EC0E7B /* Release */,
			);
			defaultConfigurationIsVisible = 0;
			defaultConfigurationName = Release;
		};
		EC5B439B244911EA00EC0E7B /* Build configuration list for PBXNativeTarget "BookSeeker" */ = {
			isa = XCConfigurationList;
			buildConfigurations = (
				EC5B439C244911EA00EC0E7B /* Debug */,
				EC5B439D244911EA00EC0E7B /* Release */,
			);
			defaultConfigurationIsVisible = 0;
			defaultConfigurationName = Release;
		};
		EC5B439E244911EA00EC0E7B /* Build configuration list for PBXNativeTarget "BookSeekerTests" */ = {
			isa = XCConfigurationList;
			buildConfigurations = (
				EC5B439F244911EA00EC0E7B /* Debug */,
				EC5B43A0244911EA00EC0E7B /* Release */,
			);
			defaultConfigurationIsVisible = 0;
			defaultConfigurationName = Release;
		};
		EC9019A724675CAF00BD662B /* Build configuration list for PBXNativeTarget "BookSeekerDomain" */ = {
			isa = XCConfigurationList;
			buildConfigurations = (
				EC9019A324675CAF00BD662B /* Debug */,
				EC9019A424675CAF00BD662B /* Release */,
			);
			defaultConfigurationIsVisible = 0;
			defaultConfigurationName = Release;
		};
		EC9019A824675CAF00BD662B /* Build configuration list for PBXNativeTarget "BookSeekerDomainTests" */ = {
			isa = XCConfigurationList;
			buildConfigurations = (
				EC9019A524675CAF00BD662B /* Debug */,
				EC9019A624675CAF00BD662B /* Release */,
			);
			defaultConfigurationIsVisible = 0;
			defaultConfigurationName = Release;
		};
		EC901A222467647300BD662B /* Build configuration list for PBXNativeTarget "BookSeekerInfrastructure" */ = {
			isa = XCConfigurationList;
			buildConfigurations = (
				EC901A232467647300BD662B /* Debug */,
				EC901A242467647300BD662B /* Release */,
			);
			defaultConfigurationIsVisible = 0;
			defaultConfigurationName = Release;
		};
		EC901A252467647300BD662B /* Build configuration list for PBXNativeTarget "BookSeekerInfrastructureTests" */ = {
			isa = XCConfigurationList;
			buildConfigurations = (
				EC901A262467647300BD662B /* Debug */,
				EC901A272467647300BD662B /* Release */,
			);
			defaultConfigurationIsVisible = 0;
			defaultConfigurationName = Release;
		};
/* End XCConfigurationList section */
	};
	rootObject = EC5B4369244911E600EC0E7B /* Project object */;
}
